// !$*UTF8*$!
{
	archiveVersion = 1;
	classes = {
	};
	objectVersion = 55;
	objects = {

/* Begin PBXBuildFile section */
		7108CD3F284F39F20034EA29 /* ProfileDao.swift in Sources */ = {isa = PBXBuildFile; fileRef = 7108CD3E284F39F20034EA29 /* ProfileDao.swift */; };
		7108CD41284F48200034EA29 /* BaseDao.swift in Sources */ = {isa = PBXBuildFile; fileRef = 7108CD40284F48200034EA29 /* BaseDao.swift */; };
		7108CD432850681A0034EA29 /* CardDao.swift in Sources */ = {isa = PBXBuildFile; fileRef = 7108CD42285068190034EA29 /* CardDao.swift */; };
		7108CD4528506A360034EA29 /* CategoryDao.swift in Sources */ = {isa = PBXBuildFile; fileRef = 7108CD4428506A350034EA29 /* CategoryDao.swift */; };
		7108CD4728506F840034EA29 /* ContactDao.swift in Sources */ = {isa = PBXBuildFile; fileRef = 7108CD4628506F840034EA29 /* ContactDao.swift */; };
		7108CD4928506FD70034EA29 /* CountryDao.swift in Sources */ = {isa = PBXBuildFile; fileRef = 7108CD4828506FD70034EA29 /* CountryDao.swift */; };
		7108CD4B285070A70034EA29 /* EnrollmentDao.swift in Sources */ = {isa = PBXBuildFile; fileRef = 7108CD4A285070A70034EA29 /* EnrollmentDao.swift */; };
		7108CD4D285071750034EA29 /* HighlightDao.swift in Sources */ = {isa = PBXBuildFile; fileRef = 7108CD4C285071750034EA29 /* HighlightDao.swift */; };
		7108CD4F285071F10034EA29 /* InvoiceDao.swift in Sources */ = {isa = PBXBuildFile; fileRef = 7108CD4E285071F10034EA29 /* InvoiceDao.swift */; };
		7108CD512850727E0034EA29 /* ManualBillDao.swift in Sources */ = {isa = PBXBuildFile; fileRef = 7108CD502850727E0034EA29 /* ManualBillDao.swift */; };
		7108CD53285072EA0034EA29 /* MerchantPayerDao.swift in Sources */ = {isa = PBXBuildFile; fileRef = 7108CD52285072EA0034EA29 /* MerchantPayerDao.swift */; };
		7108CD552850737C0034EA29 /* MerchantServiceDao.swift in Sources */ = {isa = PBXBuildFile; fileRef = 7108CD542850737C0034EA29 /* MerchantServiceDao.swift */; };
		7108CD572850742E0034EA29 /* SecurityQuestionDao.swift in Sources */ = {isa = PBXBuildFile; fileRef = 7108CD562850742E0034EA29 /* SecurityQuestionDao.swift */; };
		7108CD592850747C0034EA29 /* SyncDao.swift in Sources */ = {isa = PBXBuildFile; fileRef = 7108CD582850747C0034EA29 /* SyncDao.swift */; };
		7108CD5B285074C50034EA29 /* TransactionHistoryDao.swift in Sources */ = {isa = PBXBuildFile; fileRef = 7108CD5A285074C50034EA29 /* TransactionHistoryDao.swift */; };
		715393CA284667D8001016E8 /* Core.h in Headers */ = {isa = PBXBuildFile; fileRef = 715393C9284667D8001016E8 /* Core.h */; settings = {ATTRIBUTES = (Public, ); }; };
		715393D228467C88001016E8 /* Profile.swift in Sources */ = {isa = PBXBuildFile; fileRef = 715393D128467C88001016E8 /* Profile.swift */; };
		715393D428468405001016E8 /* Contact.swift in Sources */ = {isa = PBXBuildFile; fileRef = 715393D328468405001016E8 /* Contact.swift */; };
		715393D628468692001016E8 /* Country.swift in Sources */ = {isa = PBXBuildFile; fileRef = 715393D528468692001016E8 /* Country.swift */; };
		715393D828468BA0001016E8 /* Card.swift in Sources */ = {isa = PBXBuildFile; fileRef = 715393D728468BA0001016E8 /* Card.swift */; };
		715393DA284692A0001016E8 /* MerchantPayer.swift in Sources */ = {isa = PBXBuildFile; fileRef = 715393D9284692A0001016E8 /* MerchantPayer.swift */; };
		715393DC2847E80B001016E8 /* ManualBill.swift in Sources */ = {isa = PBXBuildFile; fileRef = 715393DB2847E80B001016E8 /* ManualBill.swift */; };
		715393DE2847F82A001016E8 /* PayerOptions.swift in Sources */ = {isa = PBXBuildFile; fileRef = 715393DD2847F82A001016E8 /* PayerOptions.swift */; };
		715393E02847FB7D001016E8 /* Category.swift in Sources */ = {isa = PBXBuildFile; fileRef = 715393DF2847FB7D001016E8 /* Category.swift */; };
		715393E228480CDE001016E8 /* MerchantService.swift in Sources */ = {isa = PBXBuildFile; fileRef = 715393E128480CDE001016E8 /* MerchantService.swift */; };
		715393E428481260001016E8 /* Enrollment.swift in Sources */ = {isa = PBXBuildFile; fileRef = 715393E32848125F001016E8 /* Enrollment.swift */; };
		715393E6284817A8001016E8 /* Invoice.swift in Sources */ = {isa = PBXBuildFile; fileRef = 715393E5284817A8001016E8 /* Invoice.swift */; };
		715393E82848A087001016E8 /* SecurityQuestion.swift in Sources */ = {isa = PBXBuildFile; fileRef = 715393E72848A087001016E8 /* SecurityQuestion.swift */; };
		715393EA2848A1D2001016E8 /* SMSTemplate.swift in Sources */ = {isa = PBXBuildFile; fileRef = 715393E92848A1D2001016E8 /* SMSTemplate.swift */; };
		715393EC2848A6BC001016E8 /* Sync.swift in Sources */ = {isa = PBXBuildFile; fileRef = 715393EB2848A6BC001016E8 /* Sync.swift */; };
		715393EE2848A7CE001016E8 /* TransactionHistory.swift in Sources */ = {isa = PBXBuildFile; fileRef = 715393ED2848A7CE001016E8 /* TransactionHistory.swift */; };
		715393F02848AC17001016E8 /* Bank.swift in Sources */ = {isa = PBXBuildFile; fileRef = 715393EF2848AC17001016E8 /* Bank.swift */; };
		715393F22848AD52001016E8 /* Highlight.swift in Sources */ = {isa = PBXBuildFile; fileRef = 715393F12848AD52001016E8 /* Highlight.swift */; };
		715393F42848BB55001016E8 /* ReferralInvite.swift in Sources */ = {isa = PBXBuildFile; fileRef = 715393F32848BB55001016E8 /* ReferralInvite.swift */; };
		71AED53F2860636500A4B14F /* Realm in Frameworks */ = {isa = PBXBuildFile; productRef = 71AED53E2860636500A4B14F /* Realm */; };
		71AED5412860636500A4B14F /* RealmSwift in Frameworks */ = {isa = PBXBuildFile; productRef = 71AED5402860636500A4B14F /* RealmSwift */; };
		71AED54428611A1700A4B14F /* DeepLinkManager.swift in Sources */ = {isa = PBXBuildFile; fileRef = 71AED54328611A1700A4B14F /* DeepLinkManager.swift */; };
/* End PBXBuildFile section */

/* Begin PBXFileReference section */
		7108CD3E284F39F20034EA29 /* ProfileDao.swift */ = {isa = PBXFileReference; lastKnownFileType = sourcecode.swift; path = ProfileDao.swift; sourceTree = "<group>"; };
		7108CD40284F48200034EA29 /* BaseDao.swift */ = {isa = PBXFileReference; lastKnownFileType = sourcecode.swift; path = BaseDao.swift; sourceTree = "<group>"; };
		7108CD42285068190034EA29 /* CardDao.swift */ = {isa = PBXFileReference; lastKnownFileType = sourcecode.swift; path = CardDao.swift; sourceTree = "<group>"; };
		7108CD4428506A350034EA29 /* CategoryDao.swift */ = {isa = PBXFileReference; lastKnownFileType = sourcecode.swift; path = CategoryDao.swift; sourceTree = "<group>"; };
		7108CD4628506F840034EA29 /* ContactDao.swift */ = {isa = PBXFileReference; lastKnownFileType = sourcecode.swift; path = ContactDao.swift; sourceTree = "<group>"; };
		7108CD4828506FD70034EA29 /* CountryDao.swift */ = {isa = PBXFileReference; lastKnownFileType = sourcecode.swift; path = CountryDao.swift; sourceTree = "<group>"; };
		7108CD4A285070A70034EA29 /* EnrollmentDao.swift */ = {isa = PBXFileReference; lastKnownFileType = sourcecode.swift; path = EnrollmentDao.swift; sourceTree = "<group>"; };
		7108CD4C285071750034EA29 /* HighlightDao.swift */ = {isa = PBXFileReference; lastKnownFileType = sourcecode.swift; path = HighlightDao.swift; sourceTree = "<group>"; };
		7108CD4E285071F10034EA29 /* InvoiceDao.swift */ = {isa = PBXFileReference; lastKnownFileType = sourcecode.swift; path = InvoiceDao.swift; sourceTree = "<group>"; };
		7108CD502850727E0034EA29 /* ManualBillDao.swift */ = {isa = PBXFileReference; lastKnownFileType = sourcecode.swift; path = ManualBillDao.swift; sourceTree = "<group>"; };
		7108CD52285072EA0034EA29 /* MerchantPayerDao.swift */ = {isa = PBXFileReference; lastKnownFileType = sourcecode.swift; path = MerchantPayerDao.swift; sourceTree = "<group>"; };
		7108CD542850737C0034EA29 /* MerchantServiceDao.swift */ = {isa = PBXFileReference; lastKnownFileType = sourcecode.swift; path = MerchantServiceDao.swift; sourceTree = "<group>"; };
		7108CD562850742E0034EA29 /* SecurityQuestionDao.swift */ = {isa = PBXFileReference; lastKnownFileType = sourcecode.swift; path = SecurityQuestionDao.swift; sourceTree = "<group>"; };
		7108CD582850747C0034EA29 /* SyncDao.swift */ = {isa = PBXFileReference; lastKnownFileType = sourcecode.swift; path = SyncDao.swift; sourceTree = "<group>"; };
		7108CD5A285074C50034EA29 /* TransactionHistoryDao.swift */ = {isa = PBXFileReference; lastKnownFileType = sourcecode.swift; path = TransactionHistoryDao.swift; sourceTree = "<group>"; };
		715393C6284667D8001016E8 /* Core.framework */ = {isa = PBXFileReference; explicitFileType = wrapper.framework; includeInIndex = 0; path = Core.framework; sourceTree = BUILT_PRODUCTS_DIR; };
		715393C9284667D8001016E8 /* Core.h */ = {isa = PBXFileReference; lastKnownFileType = sourcecode.c.h; path = Core.h; sourceTree = "<group>"; };
		715393D128467C88001016E8 /* Profile.swift */ = {isa = PBXFileReference; lastKnownFileType = sourcecode.swift; path = Profile.swift; sourceTree = "<group>"; };
		715393D328468405001016E8 /* Contact.swift */ = {isa = PBXFileReference; lastKnownFileType = sourcecode.swift; path = Contact.swift; sourceTree = "<group>"; };
		715393D528468692001016E8 /* Country.swift */ = {isa = PBXFileReference; lastKnownFileType = sourcecode.swift; path = Country.swift; sourceTree = "<group>"; };
		715393D728468BA0001016E8 /* Card.swift */ = {isa = PBXFileReference; lastKnownFileType = sourcecode.swift; path = Card.swift; sourceTree = "<group>"; };
		715393D9284692A0001016E8 /* MerchantPayer.swift */ = {isa = PBXFileReference; lastKnownFileType = sourcecode.swift; path = MerchantPayer.swift; sourceTree = "<group>"; };
		715393DB2847E80B001016E8 /* ManualBill.swift */ = {isa = PBXFileReference; lastKnownFileType = sourcecode.swift; path = ManualBill.swift; sourceTree = "<group>"; };
		715393DD2847F82A001016E8 /* PayerOptions.swift */ = {isa = PBXFileReference; lastKnownFileType = sourcecode.swift; path = PayerOptions.swift; sourceTree = "<group>"; };
		715393DF2847FB7D001016E8 /* Category.swift */ = {isa = PBXFileReference; lastKnownFileType = sourcecode.swift; path = Category.swift; sourceTree = "<group>"; };
		715393E128480CDE001016E8 /* MerchantService.swift */ = {isa = PBXFileReference; lastKnownFileType = sourcecode.swift; path = MerchantService.swift; sourceTree = "<group>"; };
		715393E32848125F001016E8 /* Enrollment.swift */ = {isa = PBXFileReference; lastKnownFileType = sourcecode.swift; path = Enrollment.swift; sourceTree = "<group>"; };
		715393E5284817A8001016E8 /* Invoice.swift */ = {isa = PBXFileReference; lastKnownFileType = sourcecode.swift; path = Invoice.swift; sourceTree = "<group>"; };
		715393E72848A087001016E8 /* SecurityQuestion.swift */ = {isa = PBXFileReference; lastKnownFileType = sourcecode.swift; path = SecurityQuestion.swift; sourceTree = "<group>"; };
		715393E92848A1D2001016E8 /* SMSTemplate.swift */ = {isa = PBXFileReference; lastKnownFileType = sourcecode.swift; path = SMSTemplate.swift; sourceTree = "<group>"; };
		715393EB2848A6BC001016E8 /* Sync.swift */ = {isa = PBXFileReference; lastKnownFileType = sourcecode.swift; path = Sync.swift; sourceTree = "<group>"; };
		715393ED2848A7CE001016E8 /* TransactionHistory.swift */ = {isa = PBXFileReference; lastKnownFileType = sourcecode.swift; path = TransactionHistory.swift; sourceTree = "<group>"; };
		715393EF2848AC17001016E8 /* Bank.swift */ = {isa = PBXFileReference; lastKnownFileType = sourcecode.swift; path = Bank.swift; sourceTree = "<group>"; };
		715393F12848AD52001016E8 /* Highlight.swift */ = {isa = PBXFileReference; lastKnownFileType = sourcecode.swift; path = Highlight.swift; sourceTree = "<group>"; };
		715393F32848BB55001016E8 /* ReferralInvite.swift */ = {isa = PBXFileReference; lastKnownFileType = sourcecode.swift; path = ReferralInvite.swift; sourceTree = "<group>"; };
		71AED54328611A1700A4B14F /* DeepLinkManager.swift */ = {isa = PBXFileReference; lastKnownFileType = sourcecode.swift; path = DeepLinkManager.swift; sourceTree = "<group>"; };
/* End PBXFileReference section */

/* Begin PBXFrameworksBuildPhase section */
		715393C3284667D8001016E8 /* Frameworks */ = {
			isa = PBXFrameworksBuildPhase;
			buildActionMask = 2147483647;
			files = (
				71AED5412860636500A4B14F /* RealmSwift in Frameworks */,
				71AED53F2860636500A4B14F /* Realm in Frameworks */,
			);
			runOnlyForDeploymentPostprocessing = 0;
		};
/* End PBXFrameworksBuildPhase section */

/* Begin PBXGroup section */
		7108CD3D284F39C40034EA29 /* DAO */ = {
			isa = PBXGroup;
			children = (
				7108CD3E284F39F20034EA29 /* ProfileDao.swift */,
				7108CD562850742E0034EA29 /* SecurityQuestionDao.swift */,
				7108CD40284F48200034EA29 /* BaseDao.swift */,
				7108CD42285068190034EA29 /* CardDao.swift */,
				7108CD4428506A350034EA29 /* CategoryDao.swift */,
				7108CD4628506F840034EA29 /* ContactDao.swift */,
				7108CD4828506FD70034EA29 /* CountryDao.swift */,
				7108CD4A285070A70034EA29 /* EnrollmentDao.swift */,
				7108CD4C285071750034EA29 /* HighlightDao.swift */,
				7108CD4E285071F10034EA29 /* InvoiceDao.swift */,
				7108CD502850727E0034EA29 /* ManualBillDao.swift */,
				7108CD52285072EA0034EA29 /* MerchantPayerDao.swift */,
				7108CD542850737C0034EA29 /* MerchantServiceDao.swift */,
				7108CD582850747C0034EA29 /* SyncDao.swift */,
				7108CD5A285074C50034EA29 /* TransactionHistoryDao.swift */,
			);
			path = DAO;
			sourceTree = "<group>";
		};
		715393BC284667D8001016E8 = {
			isa = PBXGroup;
			children = (
				715393C8284667D8001016E8 /* Core */,
				715393C7284667D8001016E8 /* Products */,
			);
			sourceTree = "<group>";
		};
		715393C7284667D8001016E8 /* Products */ = {
			isa = PBXGroup;
			children = (
				715393C6284667D8001016E8 /* Core.framework */,
			);
			name = Products;
			sourceTree = "<group>";
		};
		715393C8284667D8001016E8 /* Core */ = {
			isa = PBXGroup;
			children = (
				71AED542286119EC00A4B14F /* DeepLink */,
				7108CD3D284F39C40034EA29 /* DAO */,
				715393D028467C73001016E8 /* Models */,
				715393C9284667D8001016E8 /* Core.h */,
			);
			path = Core;
			sourceTree = "<group>";
		};
		715393D028467C73001016E8 /* Models */ = {
			isa = PBXGroup;
			children = (
				715393D128467C88001016E8 /* Profile.swift */,
				715393D328468405001016E8 /* Contact.swift */,
				715393D528468692001016E8 /* Country.swift */,
				715393D728468BA0001016E8 /* Card.swift */,
				715393D9284692A0001016E8 /* MerchantPayer.swift */,
				715393DB2847E80B001016E8 /* ManualBill.swift */,
				715393DD2847F82A001016E8 /* PayerOptions.swift */,
				715393DF2847FB7D001016E8 /* Category.swift */,
				715393E128480CDE001016E8 /* MerchantService.swift */,
				715393E32848125F001016E8 /* Enrollment.swift */,
				715393E5284817A8001016E8 /* Invoice.swift */,
				715393E72848A087001016E8 /* SecurityQuestion.swift */,
				715393E92848A1D2001016E8 /* SMSTemplate.swift */,
				715393EB2848A6BC001016E8 /* Sync.swift */,
				715393ED2848A7CE001016E8 /* TransactionHistory.swift */,
				715393EF2848AC17001016E8 /* Bank.swift */,
				715393F12848AD52001016E8 /* Highlight.swift */,
				715393F32848BB55001016E8 /* ReferralInvite.swift */,
			);
			path = Models;
			sourceTree = "<group>";
		};
		71AED542286119EC00A4B14F /* DeepLink */ = {
			isa = PBXGroup;
			children = (
				71AED54328611A1700A4B14F /* DeepLinkManager.swift */,
			);
			path = DeepLink;
			sourceTree = "<group>";
		};
/* End PBXGroup section */

/* Begin PBXHeadersBuildPhase section */
		715393C1284667D8001016E8 /* Headers */ = {
			isa = PBXHeadersBuildPhase;
			buildActionMask = 2147483647;
			files = (
				715393CA284667D8001016E8 /* Core.h in Headers */,
			);
			runOnlyForDeploymentPostprocessing = 0;
		};
/* End PBXHeadersBuildPhase section */

/* Begin PBXNativeTarget section */
		715393C5284667D8001016E8 /* Core */ = {
			isa = PBXNativeTarget;
			buildConfigurationList = 715393CD284667D8001016E8 /* Build configuration list for PBXNativeTarget "Core" */;
			buildPhases = (
				715393C1284667D8001016E8 /* Headers */,
				715393C2284667D8001016E8 /* Sources */,
				715393C3284667D8001016E8 /* Frameworks */,
				715393C4284667D8001016E8 /* Resources */,
			);
			buildRules = (
			);
			dependencies = (
			);
			name = Core;
			packageProductDependencies = (
				71AED53E2860636500A4B14F /* Realm */,
				71AED5402860636500A4B14F /* RealmSwift */,
			);
			productName = Core;
			productReference = 715393C6284667D8001016E8 /* Core.framework */;
			productType = "com.apple.product-type.framework";
		};
/* End PBXNativeTarget section */

/* Begin PBXProject section */
		715393BD284667D8001016E8 /* Project object */ = {
			isa = PBXProject;
			attributes = {
				BuildIndependentTargetsInParallel = 1;
				LastUpgradeCheck = 1340;
				TargetAttributes = {
					715393C5284667D8001016E8 = {
						CreatedOnToolsVersion = 13.4;
						LastSwiftMigration = 1340;
					};
				};
			};
			buildConfigurationList = 715393C0284667D8001016E8 /* Build configuration list for PBXProject "Core" */;
			compatibilityVersion = "Xcode 13.0";
			developmentRegion = en;
			hasScannedForEncodings = 0;
			knownRegions = (
				en,
				Base,
			);
			mainGroup = 715393BC284667D8001016E8;
			packageReferences = (
				71AED53D2860636500A4B14F /* XCRemoteSwiftPackageReference "realm-swift" */,
			);
			productRefGroup = 715393C7284667D8001016E8 /* Products */;
			projectDirPath = "";
			projectRoot = "";
			targets = (
				715393C5284667D8001016E8 /* Core */,
			);
		};
/* End PBXProject section */

/* Begin PBXResourcesBuildPhase section */
		715393C4284667D8001016E8 /* Resources */ = {
			isa = PBXResourcesBuildPhase;
			buildActionMask = 2147483647;
			files = (
			);
			runOnlyForDeploymentPostprocessing = 0;
		};
/* End PBXResourcesBuildPhase section */

/* Begin PBXSourcesBuildPhase section */
		715393C2284667D8001016E8 /* Sources */ = {
			isa = PBXSourcesBuildPhase;
			buildActionMask = 2147483647;
			files = (
				7108CD5B285074C50034EA29 /* TransactionHistoryDao.swift in Sources */,
				7108CD432850681A0034EA29 /* CardDao.swift in Sources */,
				7108CD53285072EA0034EA29 /* MerchantPayerDao.swift in Sources */,
				715393DC2847E80B001016E8 /* ManualBill.swift in Sources */,
				715393F02848AC17001016E8 /* Bank.swift in Sources */,
				7108CD4D285071750034EA29 /* HighlightDao.swift in Sources */,
				715393E228480CDE001016E8 /* MerchantService.swift in Sources */,
				7108CD41284F48200034EA29 /* BaseDao.swift in Sources */,
				71AED54428611A1700A4B14F /* DeepLinkManager.swift in Sources */,
				715393DE2847F82A001016E8 /* PayerOptions.swift in Sources */,
				7108CD4F285071F10034EA29 /* InvoiceDao.swift in Sources */,
				7108CD4528506A360034EA29 /* CategoryDao.swift in Sources */,
				7108CD3F284F39F20034EA29 /* ProfileDao.swift in Sources */,
				715393D428468405001016E8 /* Contact.swift in Sources */,
				715393DA284692A0001016E8 /* MerchantPayer.swift in Sources */,
				7108CD4728506F840034EA29 /* ContactDao.swift in Sources */,
				7108CD572850742E0034EA29 /* SecurityQuestionDao.swift in Sources */,
				715393D628468692001016E8 /* Country.swift in Sources */,
				715393EA2848A1D2001016E8 /* SMSTemplate.swift in Sources */,
				715393D228467C88001016E8 /* Profile.swift in Sources */,
				715393E428481260001016E8 /* Enrollment.swift in Sources */,
				715393D828468BA0001016E8 /* Card.swift in Sources */,
				715393E82848A087001016E8 /* SecurityQuestion.swift in Sources */,
				715393F22848AD52001016E8 /* Highlight.swift in Sources */,
				715393EE2848A7CE001016E8 /* TransactionHistory.swift in Sources */,
				7108CD552850737C0034EA29 /* MerchantServiceDao.swift in Sources */,
				7108CD4928506FD70034EA29 /* CountryDao.swift in Sources */,
				7108CD592850747C0034EA29 /* SyncDao.swift in Sources */,
				715393E02847FB7D001016E8 /* Category.swift in Sources */,
				7108CD512850727E0034EA29 /* ManualBillDao.swift in Sources */,
				715393EC2848A6BC001016E8 /* Sync.swift in Sources */,
				7108CD4B285070A70034EA29 /* EnrollmentDao.swift in Sources */,
				715393E6284817A8001016E8 /* Invoice.swift in Sources */,
				715393F42848BB55001016E8 /* ReferralInvite.swift in Sources */,
			);
			runOnlyForDeploymentPostprocessing = 0;
		};
/* End PBXSourcesBuildPhase section */

/* Begin XCBuildConfiguration section */
		715393CB284667D8001016E8 /* Debug */ = {
			isa = XCBuildConfiguration;
			buildSettings = {
				ALWAYS_SEARCH_USER_PATHS = NO;
				CLANG_ANALYZER_NONNULL = YES;
				CLANG_ANALYZER_NUMBER_OBJECT_CONVERSION = YES_AGGRESSIVE;
				CLANG_CXX_LANGUAGE_STANDARD = "gnu++17";
				CLANG_ENABLE_MODULES = YES;
				CLANG_ENABLE_OBJC_ARC = YES;
				CLANG_ENABLE_OBJC_WEAK = YES;
				CLANG_WARN_BLOCK_CAPTURE_AUTORELEASING = YES;
				CLANG_WARN_BOOL_CONVERSION = YES;
				CLANG_WARN_COMMA = YES;
				CLANG_WARN_CONSTANT_CONVERSION = YES;
				CLANG_WARN_DEPRECATED_OBJC_IMPLEMENTATIONS = YES;
				CLANG_WARN_DIRECT_OBJC_ISA_USAGE = YES_ERROR;
				CLANG_WARN_DOCUMENTATION_COMMENTS = YES;
				CLANG_WARN_EMPTY_BODY = YES;
				CLANG_WARN_ENUM_CONVERSION = YES;
				CLANG_WARN_INFINITE_RECURSION = YES;
				CLANG_WARN_INT_CONVERSION = YES;
				CLANG_WARN_NON_LITERAL_NULL_CONVERSION = YES;
				CLANG_WARN_OBJC_IMPLICIT_RETAIN_SELF = YES;
				CLANG_WARN_OBJC_LITERAL_CONVERSION = YES;
				CLANG_WARN_OBJC_ROOT_CLASS = YES_ERROR;
				CLANG_WARN_QUOTED_INCLUDE_IN_FRAMEWORK_HEADER = YES;
				CLANG_WARN_RANGE_LOOP_ANALYSIS = YES;
				CLANG_WARN_STRICT_PROTOTYPES = YES;
				CLANG_WARN_SUSPICIOUS_MOVE = YES;
				CLANG_WARN_UNGUARDED_AVAILABILITY = YES_AGGRESSIVE;
				CLANG_WARN_UNREACHABLE_CODE = YES;
				CLANG_WARN__DUPLICATE_METHOD_MATCH = YES;
				COPY_PHASE_STRIP = NO;
				CURRENT_PROJECT_VERSION = 1;
				DEBUG_INFORMATION_FORMAT = dwarf;
				ENABLE_STRICT_OBJC_MSGSEND = YES;
				ENABLE_TESTABILITY = YES;
				GCC_C_LANGUAGE_STANDARD = gnu11;
				GCC_DYNAMIC_NO_PIC = NO;
				GCC_NO_COMMON_BLOCKS = YES;
				GCC_OPTIMIZATION_LEVEL = 0;
				GCC_PREPROCESSOR_DEFINITIONS = (
					"DEBUG=1",
					"$(inherited)",
				);
				GCC_WARN_64_TO_32_BIT_CONVERSION = YES;
				GCC_WARN_ABOUT_RETURN_TYPE = YES_ERROR;
				GCC_WARN_UNDECLARED_SELECTOR = YES;
				GCC_WARN_UNINITIALIZED_AUTOS = YES_AGGRESSIVE;
				GCC_WARN_UNUSED_FUNCTION = YES;
				GCC_WARN_UNUSED_VARIABLE = YES;
				IPHONEOS_DEPLOYMENT_TARGET = 15.5;
				MTL_ENABLE_DEBUG_INFO = INCLUDE_SOURCE;
				MTL_FAST_MATH = YES;
				ONLY_ACTIVE_ARCH = YES;
				SDKROOT = iphoneos;
				SWIFT_ACTIVE_COMPILATION_CONDITIONS = DEBUG;
				SWIFT_OPTIMIZATION_LEVEL = "-Onone";
				VERSIONING_SYSTEM = "apple-generic";
				VERSION_INFO_PREFIX = "";
			};
			name = Debug;
		};
		715393CC284667D8001016E8 /* Release */ = {
			isa = XCBuildConfiguration;
			buildSettings = {
				ALWAYS_SEARCH_USER_PATHS = NO;
				CLANG_ANALYZER_NONNULL = YES;
				CLANG_ANALYZER_NUMBER_OBJECT_CONVERSION = YES_AGGRESSIVE;
				CLANG_CXX_LANGUAGE_STANDARD = "gnu++17";
				CLANG_ENABLE_MODULES = YES;
				CLANG_ENABLE_OBJC_ARC = YES;
				CLANG_ENABLE_OBJC_WEAK = YES;
				CLANG_WARN_BLOCK_CAPTURE_AUTORELEASING = YES;
				CLANG_WARN_BOOL_CONVERSION = YES;
				CLANG_WARN_COMMA = YES;
				CLANG_WARN_CONSTANT_CONVERSION = YES;
				CLANG_WARN_DEPRECATED_OBJC_IMPLEMENTATIONS = YES;
				CLANG_WARN_DIRECT_OBJC_ISA_USAGE = YES_ERROR;
				CLANG_WARN_DOCUMENTATION_COMMENTS = YES;
				CLANG_WARN_EMPTY_BODY = YES;
				CLANG_WARN_ENUM_CONVERSION = YES;
				CLANG_WARN_INFINITE_RECURSION = YES;
				CLANG_WARN_INT_CONVERSION = YES;
				CLANG_WARN_NON_LITERAL_NULL_CONVERSION = YES;
				CLANG_WARN_OBJC_IMPLICIT_RETAIN_SELF = YES;
				CLANG_WARN_OBJC_LITERAL_CONVERSION = YES;
				CLANG_WARN_OBJC_ROOT_CLASS = YES_ERROR;
				CLANG_WARN_QUOTED_INCLUDE_IN_FRAMEWORK_HEADER = YES;
				CLANG_WARN_RANGE_LOOP_ANALYSIS = YES;
				CLANG_WARN_STRICT_PROTOTYPES = YES;
				CLANG_WARN_SUSPICIOUS_MOVE = YES;
				CLANG_WARN_UNGUARDED_AVAILABILITY = YES_AGGRESSIVE;
				CLANG_WARN_UNREACHABLE_CODE = YES;
				CLANG_WARN__DUPLICATE_METHOD_MATCH = YES;
				COPY_PHASE_STRIP = NO;
				CURRENT_PROJECT_VERSION = 1;
				DEBUG_INFORMATION_FORMAT = "dwarf-with-dsym";
				ENABLE_NS_ASSERTIONS = NO;
				ENABLE_STRICT_OBJC_MSGSEND = YES;
				GCC_C_LANGUAGE_STANDARD = gnu11;
				GCC_NO_COMMON_BLOCKS = YES;
				GCC_WARN_64_TO_32_BIT_CONVERSION = YES;
				GCC_WARN_ABOUT_RETURN_TYPE = YES_ERROR;
				GCC_WARN_UNDECLARED_SELECTOR = YES;
				GCC_WARN_UNINITIALIZED_AUTOS = YES_AGGRESSIVE;
				GCC_WARN_UNUSED_FUNCTION = YES;
				GCC_WARN_UNUSED_VARIABLE = YES;
				IPHONEOS_DEPLOYMENT_TARGET = 15.5;
				MTL_ENABLE_DEBUG_INFO = NO;
				MTL_FAST_MATH = YES;
				SDKROOT = iphoneos;
				SWIFT_COMPILATION_MODE = wholemodule;
				SWIFT_OPTIMIZATION_LEVEL = "-O";
				VALIDATE_PRODUCT = YES;
				VERSIONING_SYSTEM = "apple-generic";
				VERSION_INFO_PREFIX = "";
			};
			name = Release;
		};
		715393CE284667D8001016E8 /* Debug */ = {
			isa = XCBuildConfiguration;
			buildSettings = {
				CLANG_ENABLE_MODULES = YES;
				CODE_SIGN_STYLE = Automatic;
				CURRENT_PROJECT_VERSION = 1;
				DEFINES_MODULE = YES;
				DEVELOPMENT_TEAM = 5Q5ZQNKVUT;
				DYLIB_COMPATIBILITY_VERSION = 1;
				DYLIB_CURRENT_VERSION = 1;
				DYLIB_INSTALL_NAME_BASE = "@rpath";
				GENERATE_INFOPLIST_FILE = YES;
				INFOPLIST_KEY_NSCameraUsageDescription = "$(PRODUCT_NAME) needs camera permission for profile picture";
				INFOPLIST_KEY_NSHumanReadableCopyright = "";
				INSTALL_PATH = "$(LOCAL_LIBRARY_DIR)/Frameworks";
				LD_RUNPATH_SEARCH_PATHS = (
					"$(inherited)",
					"@executable_path/Frameworks",
					"@loader_path/Frameworks",
				);
				MARKETING_VERSION = 1.0;
				PRODUCT_BUNDLE_IDENTIFIER = com.darothub.ios.Core;
				PRODUCT_NAME = "$(TARGET_NAME:c99extidentifier)";
				SKIP_INSTALL = YES;
				SWIFT_EMIT_LOC_STRINGS = YES;
				SWIFT_OPTIMIZATION_LEVEL = "-Onone";
				SWIFT_VERSION = 5.0;
				TARGETED_DEVICE_FAMILY = "1,2";
			};
			name = Debug;
		};
		715393CF284667D8001016E8 /* Release */ = {
			isa = XCBuildConfiguration;
			buildSettings = {
				CLANG_ENABLE_MODULES = YES;
				CODE_SIGN_STYLE = Automatic;
				CURRENT_PROJECT_VERSION = 1;
				DEFINES_MODULE = YES;
				DEVELOPMENT_TEAM = 5Q5ZQNKVUT;
				DYLIB_COMPATIBILITY_VERSION = 1;
				DYLIB_CURRENT_VERSION = 1;
				DYLIB_INSTALL_NAME_BASE = "@rpath";
				GENERATE_INFOPLIST_FILE = YES;
				INFOPLIST_KEY_NSCameraUsageDescription = "$(PRODUCT_NAME) needs camera permission for profile picture";
				INFOPLIST_KEY_NSHumanReadableCopyright = "";
				INSTALL_PATH = "$(LOCAL_LIBRARY_DIR)/Frameworks";
				LD_RUNPATH_SEARCH_PATHS = (
					"$(inherited)",
					"@executable_path/Frameworks",
					"@loader_path/Frameworks",
				);
				MARKETING_VERSION = 1.0;
				PRODUCT_BUNDLE_IDENTIFIER = com.darothub.ios.Core;
				PRODUCT_NAME = "$(TARGET_NAME:c99extidentifier)";
				SKIP_INSTALL = YES;
				SWIFT_EMIT_LOC_STRINGS = YES;
				SWIFT_VERSION = 5.0;
				TARGETED_DEVICE_FAMILY = "1,2";
			};
			name = Release;
		};
/* End XCBuildConfiguration section */

/* Begin XCConfigurationList section */
		715393C0284667D8001016E8 /* Build configuration list for PBXProject "Core" */ = {
			isa = XCConfigurationList;
			buildConfigurations = (
				715393CB284667D8001016E8 /* Debug */,
				715393CC284667D8001016E8 /* Release */,
			);
			defaultConfigurationIsVisible = 0;
			defaultConfigurationName = Release;
		};
		715393CD284667D8001016E8 /* Build configuration list for PBXNativeTarget "Core" */ = {
			isa = XCConfigurationList;
			buildConfigurations = (
				715393CE284667D8001016E8 /* Debug */,
				715393CF284667D8001016E8 /* Release */,
			);
			defaultConfigurationIsVisible = 0;
			defaultConfigurationName = Release;
		};
/* End XCConfigurationList section */

/* Begin XCRemoteSwiftPackageReference section */
		71AED53D2860636500A4B14F /* XCRemoteSwiftPackageReference "realm-swift" */ = {
			isa = XCRemoteSwiftPackageReference;
			repositoryURL = "https://github.com/realm/realm-swift.git";
			requirement = {
				branch = master;
				kind = branch;
			};
		};
/* End XCRemoteSwiftPackageReference section */

/* Begin XCSwiftPackageProductDependency section */
		71AED53E2860636500A4B14F /* Realm */ = {
			isa = XCSwiftPackageProductDependency;
			package = 71AED53D2860636500A4B14F /* XCRemoteSwiftPackageReference "realm-swift" */;
			productName = Realm;
		};
		71AED5402860636500A4B14F /* RealmSwift */ = {
			isa = XCSwiftPackageProductDependency;
			package = 71AED53D2860636500A4B14F /* XCRemoteSwiftPackageReference "realm-swift" */;
			productName = RealmSwift;
		};
/* End XCSwiftPackageProductDependency section */
	};
	rootObject = 715393BD284667D8001016E8 /* Project object */;
}
