// !$*UTF8*$!
{
	archiveVersion = 1;
	classes = {
	};
	objectVersion = 55;
	objects = {

/* Begin PBXBuildFile section */
		7108CD77285253E00034EA29 /* Permissions.framework in Frameworks */ = {isa = PBXBuildFile; fileRef = 7108CD76285253E00034EA29 /* Permissions.framework */; };
		7108CD78285253E00034EA29 /* Permissions.framework in Embed Frameworks */ = {isa = PBXBuildFile; fileRef = 7108CD76285253E00034EA29 /* Permissions.framework */; settings = {ATTRIBUTES = (CodeSignOnCopy, RemoveHeadersOnCopy, ); }; };
		714D3F5028683BE40024028C /* PhoneNumberValidationView.swift in Sources */ = {isa = PBXBuildFile; fileRef = 714D3F4F28683BE40024028C /* PhoneNumberValidationView.swift */; };
		714D3F712868AAA50024028C /* ObservableTextField.swift in Sources */ = {isa = PBXBuildFile; fileRef = 714D3F6E2868AAA50024028C /* ObservableTextField.swift */; };
		714D3F722868AAA50024028C /* CountryCodesView.swift in Sources */ = {isa = PBXBuildFile; fileRef = 714D3F6F2868AAA50024028C /* CountryCodesView.swift */; };
		714D3F732868AAA50024028C /* CountryCodes.swift in Sources */ = {isa = PBXBuildFile; fileRef = 714D3F702868AAA50024028C /* CountryCodes.swift */; };
		714D3F772868C82C0024028C /* UtilViews.swift in Sources */ = {isa = PBXBuildFile; fileRef = 714D3F762868C82B0024028C /* UtilViews.swift */; };
		715C27E2286D0689003EDB03 /* CheckBoxView.swift in Sources */ = {isa = PBXBuildFile; fileRef = 715C27E1286D0689003EDB03 /* CheckBoxView.swift */; };
		715C27E4286D0F93003EDB03 /* ColorAsset.xcassets in Resources */ = {isa = PBXBuildFile; fileRef = 715C27E3286D0F93003EDB03 /* ColorAsset.xcassets */; };
		716F061328777F8900A766A3 /* OtpFieldView.swift in Sources */ = {isa = PBXBuildFile; fileRef = 716F061228777F8900A766A3 /* OtpFieldView.swift */; };
		716F06172878A6F200A766A3 /* OtpConfirmationView.swift in Sources */ = {isa = PBXBuildFile; fileRef = 716F06162878A6F200A766A3 /* OtpConfirmationView.swift */; };
		717C6D4E28807A10004B5FBA /* UserHome in Frameworks */ = {isa = PBXBuildFile; productRef = 717C6D4D28807A10004B5FBA /* UserHome */; };
		717C6D512880C862004B5FBA /* HomeView.swift in Sources */ = {isa = PBXBuildFile; fileRef = 717C6D502880C862004B5FBA /* HomeView.swift */; };
		717C6D532880C884004B5FBA /* ActivateCardView.swift in Sources */ = {isa = PBXBuildFile; fileRef = 717C6D522880C884004B5FBA /* ActivateCardView.swift */; };
		71874838287EB88C003B203F /* ViewModifiers.swift in Sources */ = {isa = PBXBuildFile; fileRef = 71874837287EB88C003B203F /* ViewModifiers.swift */; };
		7187483A287EB8F0003B203F /* SmallTextStyle.swift in Sources */ = {isa = PBXBuildFile; fileRef = 71874839287EB8F0003B203F /* SmallTextStyle.swift */; };
		7187483C287EBF69003B203F /* CustomDialog.swift in Sources */ = {isa = PBXBuildFile; fileRef = 7187483B287EBF69003B203F /* CustomDialog.swift */; };
		71874841287EDC4E003B203F /* OnboardingViewModel.swift in Sources */ = {isa = PBXBuildFile; fileRef = 71874840287EDC4E003B203F /* OnboardingViewModel.swift */; };
		71874843287EEC51003B203F /* ViewState.swift in Sources */ = {isa = PBXBuildFile; fileRef = 71874842287EEC51003B203F /* ViewState.swift */; };
		718C6290283EBCB4002ADCA8 /* TinggIOSApp.swift in Sources */ = {isa = PBXBuildFile; fileRef = 718C628F283EBCB4002ADCA8 /* TinggIOSApp.swift */; };
		718C6292283EBCB4002ADCA8 /* ContentView.swift in Sources */ = {isa = PBXBuildFile; fileRef = 718C6291283EBCB4002ADCA8 /* ContentView.swift */; };
		718C6294283EBCB8002ADCA8 /* Assets.xcassets in Resources */ = {isa = PBXBuildFile; fileRef = 718C6293283EBCB8002ADCA8 /* Assets.xcassets */; };
		718C6297283EBCB8002ADCA8 /* Preview Assets.xcassets in Resources */ = {isa = PBXBuildFile; fileRef = 718C6296283EBCB8002ADCA8 /* Preview Assets.xcassets */; };
		7192C7DC2883FEF4008697E8 /* ProfileImageAndHelpIconView.swift in Sources */ = {isa = PBXBuildFile; fileRef = 7192C7DB2883FEF3008697E8 /* ProfileImageAndHelpIconView.swift */; };
		7192C7DE2884004A008697E8 /* HomeTopViewDesign.swift in Sources */ = {isa = PBXBuildFile; fileRef = 7192C7DD2884004A008697E8 /* HomeTopViewDesign.swift */; };
		7192C7E028840290008697E8 /* ActiveCategoryView.swift in Sources */ = {isa = PBXBuildFile; fileRef = 7192C7DF28840290008697E8 /* ActiveCategoryView.swift */; };
		7192C7E22884063F008697E8 /* ActiveCategoryListView.swift in Sources */ = {isa = PBXBuildFile; fileRef = 7192C7E12884063F008697E8 /* ActiveCategoryListView.swift */; };
		7192C7E4288418B7008697E8 /* ActiveCategoryTabView.swift in Sources */ = {isa = PBXBuildFile; fileRef = 7192C7E3288418B7008697E8 /* ActiveCategoryTabView.swift */; };
		7192C7E628842FEA008697E8 /* AddNewBillCardView.swift in Sources */ = {isa = PBXBuildFile; fileRef = 7192C7E528842FEA008697E8 /* AddNewBillCardView.swift */; };
		71AED54A2863BBD500A4B14F /* LaunchScreenView.swift in Sources */ = {isa = PBXBuildFile; fileRef = 71AED5492863BBD500A4B14F /* LaunchScreenView.swift */; };
		71AED5732864E08B00A4B14F /* SplashScreenState.swift in Sources */ = {isa = PBXBuildFile; fileRef = 71AED5722864E08A00A4B14F /* SplashScreenState.swift */; };
		71AED5752864E0C200A4B14F /* EnvironmentUtils.swift in Sources */ = {isa = PBXBuildFile; fileRef = 71AED5742864E0C200A4B14F /* EnvironmentUtils.swift */; };
		71AED5782864F00C00A4B14F /* IntroView.swift in Sources */ = {isa = PBXBuildFile; fileRef = 71AED5772864F00C00A4B14F /* IntroView.swift */; };
		71AED57A2864F15100A4B14F /* OnboardingItem.swift in Sources */ = {isa = PBXBuildFile; fileRef = 71AED5792864F15100A4B14F /* OnboardingItem.swift */; };
		71AED57C2864F20D00A4B14F /* OnboadingView.swift in Sources */ = {isa = PBXBuildFile; fileRef = 71AED57B2864F20D00A4B14F /* OnboadingView.swift */; };
		71AED5812865D8DB00A4B14F /* GifImage.swift in Sources */ = {isa = PBXBuildFile; fileRef = 71AED5802865D8DB00A4B14F /* GifImage.swift */; };
		71AED5852865DC5E00A4B14F /* slideimagetwo.gif in Resources */ = {isa = PBXBuildFile; fileRef = 71AED5832865DC5E00A4B14F /* slideimagetwo.gif */; };
		71AED5862865DC5E00A4B14F /* slideimageone.gif in Resources */ = {isa = PBXBuildFile; fileRef = 71AED5842865DC5E00A4B14F /* slideimageone.gif */; };
		71AED59228667A9700A4B14F /* Core in Frameworks */ = {isa = PBXBuildFile; productRef = 71AED59128667A9700A4B14F /* Core */; };
		71AED59428667AB800A4B14F /* Theme in Frameworks */ = {isa = PBXBuildFile; productRef = 71AED59328667AB800A4B14F /* Theme */; };
		71AF1111286F91F400C96505 /* ApiModule in Frameworks */ = {isa = PBXBuildFile; productRef = 71AF1110286F91F400C96505 /* ApiModule */; };
		71AF1114286FB0D600C96505 /* Domain in Frameworks */ = {isa = PBXBuildFile; productRef = 71AF1113286FB0D600C96505 /* Domain */; };
/* End PBXBuildFile section */

/* Begin PBXCopyFilesBuildPhase section */
		7108CD79285253E00034EA29 /* Embed Frameworks */ = {
			isa = PBXCopyFilesBuildPhase;
			buildActionMask = 2147483647;
			dstPath = "";
			dstSubfolderSpec = 10;
			files = (
				7108CD78285253E00034EA29 /* Permissions.framework in Embed Frameworks */,
			);
			name = "Embed Frameworks";
			runOnlyForDeploymentPostprocessing = 0;
		};
/* End PBXCopyFilesBuildPhase section */

/* Begin PBXFileReference section */
		7108CD76285253E00034EA29 /* Permissions.framework */ = {isa = PBXFileReference; explicitFileType = wrapper.framework; path = Permissions.framework; sourceTree = BUILT_PRODUCTS_DIR; };
		714D3F4F28683BE40024028C /* PhoneNumberValidationView.swift */ = {isa = PBXFileReference; lastKnownFileType = sourcecode.swift; path = PhoneNumberValidationView.swift; sourceTree = "<group>"; };
		714D3F6E2868AAA50024028C /* ObservableTextField.swift */ = {isa = PBXFileReference; fileEncoding = 4; lastKnownFileType = sourcecode.swift; path = ObservableTextField.swift; sourceTree = "<group>"; };
		714D3F6F2868AAA50024028C /* CountryCodesView.swift */ = {isa = PBXFileReference; fileEncoding = 4; lastKnownFileType = sourcecode.swift; path = CountryCodesView.swift; sourceTree = "<group>"; };
		714D3F702868AAA50024028C /* CountryCodes.swift */ = {isa = PBXFileReference; fileEncoding = 4; lastKnownFileType = sourcecode.swift; path = CountryCodes.swift; sourceTree = "<group>"; };
		714D3F762868C82B0024028C /* UtilViews.swift */ = {isa = PBXFileReference; lastKnownFileType = sourcecode.swift; path = UtilViews.swift; sourceTree = "<group>"; };
		715C27E1286D0689003EDB03 /* CheckBoxView.swift */ = {isa = PBXFileReference; lastKnownFileType = sourcecode.swift; path = CheckBoxView.swift; sourceTree = "<group>"; };
		715C27E3286D0F93003EDB03 /* ColorAsset.xcassets */ = {isa = PBXFileReference; lastKnownFileType = folder.assetcatalog; path = ColorAsset.xcassets; sourceTree = "<group>"; };
		716F061228777F8900A766A3 /* OtpFieldView.swift */ = {isa = PBXFileReference; lastKnownFileType = sourcecode.swift; path = OtpFieldView.swift; sourceTree = "<group>"; };
		716F06162878A6F200A766A3 /* OtpConfirmationView.swift */ = {isa = PBXFileReference; lastKnownFileType = sourcecode.swift; path = OtpConfirmationView.swift; sourceTree = "<group>"; };
		717C6D4C288079DE004B5FBA /* UserHome */ = {isa = PBXFileReference; lastKnownFileType = wrapper; path = UserHome; sourceTree = "<group>"; };
		717C6D502880C862004B5FBA /* HomeView.swift */ = {isa = PBXFileReference; lastKnownFileType = sourcecode.swift; path = HomeView.swift; sourceTree = "<group>"; };
		717C6D522880C884004B5FBA /* ActivateCardView.swift */ = {isa = PBXFileReference; lastKnownFileType = sourcecode.swift; path = ActivateCardView.swift; sourceTree = "<group>"; };
		71874837287EB88C003B203F /* ViewModifiers.swift */ = {isa = PBXFileReference; lastKnownFileType = sourcecode.swift; path = ViewModifiers.swift; sourceTree = "<group>"; };
		71874839287EB8F0003B203F /* SmallTextStyle.swift */ = {isa = PBXFileReference; lastKnownFileType = sourcecode.swift; path = SmallTextStyle.swift; sourceTree = "<group>"; };
		7187483B287EBF69003B203F /* CustomDialog.swift */ = {isa = PBXFileReference; lastKnownFileType = sourcecode.swift; path = CustomDialog.swift; sourceTree = "<group>"; };
		71874840287EDC4E003B203F /* OnboardingViewModel.swift */ = {isa = PBXFileReference; lastKnownFileType = sourcecode.swift; path = OnboardingViewModel.swift; sourceTree = "<group>"; };
		71874842287EEC51003B203F /* ViewState.swift */ = {isa = PBXFileReference; lastKnownFileType = sourcecode.swift; path = ViewState.swift; sourceTree = "<group>"; };
		718C628C283EBCB4002ADCA8 /* TinggIOS.app */ = {isa = PBXFileReference; explicitFileType = wrapper.application; includeInIndex = 0; path = TinggIOS.app; sourceTree = BUILT_PRODUCTS_DIR; };
		718C628F283EBCB4002ADCA8 /* TinggIOSApp.swift */ = {isa = PBXFileReference; lastKnownFileType = sourcecode.swift; path = TinggIOSApp.swift; sourceTree = "<group>"; };
		718C6291283EBCB4002ADCA8 /* ContentView.swift */ = {isa = PBXFileReference; lastKnownFileType = sourcecode.swift; path = ContentView.swift; sourceTree = "<group>"; };
		718C6293283EBCB8002ADCA8 /* Assets.xcassets */ = {isa = PBXFileReference; lastKnownFileType = folder.assetcatalog; path = Assets.xcassets; sourceTree = "<group>"; };
		718C6296283EBCB8002ADCA8 /* Preview Assets.xcassets */ = {isa = PBXFileReference; lastKnownFileType = folder.assetcatalog; path = "Preview Assets.xcassets"; sourceTree = "<group>"; };
		7192C7DB2883FEF3008697E8 /* ProfileImageAndHelpIconView.swift */ = {isa = PBXFileReference; lastKnownFileType = sourcecode.swift; path = ProfileImageAndHelpIconView.swift; sourceTree = "<group>"; };
		7192C7DD2884004A008697E8 /* HomeTopViewDesign.swift */ = {isa = PBXFileReference; lastKnownFileType = sourcecode.swift; path = HomeTopViewDesign.swift; sourceTree = "<group>"; };
		7192C7DF28840290008697E8 /* ActiveCategoryView.swift */ = {isa = PBXFileReference; lastKnownFileType = sourcecode.swift; path = ActiveCategoryView.swift; sourceTree = "<group>"; };
		7192C7E12884063F008697E8 /* ActiveCategoryListView.swift */ = {isa = PBXFileReference; lastKnownFileType = sourcecode.swift; path = ActiveCategoryListView.swift; sourceTree = "<group>"; };
		7192C7E3288418B7008697E8 /* ActiveCategoryTabView.swift */ = {isa = PBXFileReference; lastKnownFileType = sourcecode.swift; path = ActiveCategoryTabView.swift; sourceTree = "<group>"; };
		7192C7E528842FEA008697E8 /* AddNewBillCardView.swift */ = {isa = PBXFileReference; lastKnownFileType = sourcecode.swift; path = AddNewBillCardView.swift; sourceTree = "<group>"; };
		71AED53C285D007300A4B14F /* Info.plist */ = {isa = PBXFileReference; lastKnownFileType = text.plist.xml; path = Info.plist; sourceTree = "<group>"; };
		71AED545286128F400A4B14F /* Core.framework */ = {isa = PBXFileReference; explicitFileType = wrapper.framework; path = Core.framework; sourceTree = BUILT_PRODUCTS_DIR; };
		71AED5492863BBD500A4B14F /* LaunchScreenView.swift */ = {isa = PBXFileReference; lastKnownFileType = sourcecode.swift; path = LaunchScreenView.swift; sourceTree = "<group>"; };
		71AED56F2864D90B00A4B14F /* Theme.framework */ = {isa = PBXFileReference; explicitFileType = wrapper.framework; path = Theme.framework; sourceTree = BUILT_PRODUCTS_DIR; };
		71AED5722864E08A00A4B14F /* SplashScreenState.swift */ = {isa = PBXFileReference; lastKnownFileType = sourcecode.swift; path = SplashScreenState.swift; sourceTree = "<group>"; };
		71AED5742864E0C200A4B14F /* EnvironmentUtils.swift */ = {isa = PBXFileReference; lastKnownFileType = sourcecode.swift; path = EnvironmentUtils.swift; sourceTree = "<group>"; };
		71AED5772864F00C00A4B14F /* IntroView.swift */ = {isa = PBXFileReference; lastKnownFileType = sourcecode.swift; path = IntroView.swift; sourceTree = "<group>"; };
		71AED5792864F15100A4B14F /* OnboardingItem.swift */ = {isa = PBXFileReference; lastKnownFileType = sourcecode.swift; path = OnboardingItem.swift; sourceTree = "<group>"; };
		71AED57B2864F20D00A4B14F /* OnboadingView.swift */ = {isa = PBXFileReference; lastKnownFileType = sourcecode.swift; path = OnboadingView.swift; sourceTree = "<group>"; };
		71AED5802865D8DB00A4B14F /* GifImage.swift */ = {isa = PBXFileReference; lastKnownFileType = sourcecode.swift; path = GifImage.swift; sourceTree = "<group>"; };
		71AED5832865DC5E00A4B14F /* slideimagetwo.gif */ = {isa = PBXFileReference; lastKnownFileType = image.gif; path = slideimagetwo.gif; sourceTree = "<group>"; };
		71AED5842865DC5E00A4B14F /* slideimageone.gif */ = {isa = PBXFileReference; lastKnownFileType = image.gif; path = slideimageone.gif; sourceTree = "<group>"; };
		71AED58C28665C9500A4B14F /* Theme */ = {isa = PBXFileReference; lastKnownFileType = wrapper; path = Theme; sourceTree = "<group>"; };
		71AED5902866793100A4B14F /* Core */ = {isa = PBXFileReference; lastKnownFileType = wrapper; path = Core; sourceTree = "<group>"; };
		71AF110F286F916900C96505 /* ApiModule */ = {isa = PBXFileReference; lastKnownFileType = wrapper; path = ApiModule; sourceTree = "<group>"; };
		71AF1112286F96A400C96505 /* Domain */ = {isa = PBXFileReference; lastKnownFileType = wrapper; path = Domain; sourceTree = "<group>"; };
/* End PBXFileReference section */

/* Begin PBXFrameworksBuildPhase section */
		718C6289283EBCB4002ADCA8 /* Frameworks */ = {
			isa = PBXFrameworksBuildPhase;
			buildActionMask = 2147483647;
			files = (
				71AF1114286FB0D600C96505 /* Domain in Frameworks */,
				71AED59428667AB800A4B14F /* Theme in Frameworks */,
				71AF1111286F91F400C96505 /* ApiModule in Frameworks */,
				7108CD77285253E00034EA29 /* Permissions.framework in Frameworks */,
				717C6D4E28807A10004B5FBA /* UserHome in Frameworks */,
				71AED59228667A9700A4B14F /* Core in Frameworks */,
			);
			runOnlyForDeploymentPostprocessing = 0;
		};
/* End PBXFrameworksBuildPhase section */

/* Begin PBXGroup section */
		7108CD75285253DF0034EA29 /* Frameworks */ = {
			isa = PBXGroup;
			children = (
				71AED56F2864D90B00A4B14F /* Theme.framework */,
				71AED545286128F400A4B14F /* Core.framework */,
				7108CD76285253E00034EA29 /* Permissions.framework */,
			);
			name = Frameworks;
			sourceTree = "<group>";
		};
		714D3F4E28683AD70024028C /* SplashScreen */ = {
			isa = PBXGroup;
			children = (
				71AED5492863BBD500A4B14F /* LaunchScreenView.swift */,
				71AED5722864E08A00A4B14F /* SplashScreenState.swift */,
			);
			path = SplashScreen;
			sourceTree = "<group>";
		};
		714D3F6D2868AA8E0024028C /* PhoneNumberTextField */ = {
			isa = PBXGroup;
			children = (
				714D3F702868AAA50024028C /* CountryCodes.swift */,
				714D3F6F2868AAA50024028C /* CountryCodesView.swift */,
				714D3F6E2868AAA50024028C /* ObservableTextField.swift */,
			);
			path = PhoneNumberTextField;
			sourceTree = "<group>";
		};
		716F060F28777F3400A766A3 /* OtpTextField */ = {
			isa = PBXGroup;
			children = (
				716F061228777F8900A766A3 /* OtpFieldView.swift */,
			);
			path = OtpTextField;
			sourceTree = "<group>";
		};
		717C6D4F2880C847004B5FBA /* Home */ = {
			isa = PBXGroup;
			children = (
				717C6D502880C862004B5FBA /* HomeView.swift */,
				717C6D522880C884004B5FBA /* ActivateCardView.swift */,
				7192C7DB2883FEF3008697E8 /* ProfileImageAndHelpIconView.swift */,
				7192C7DD2884004A008697E8 /* HomeTopViewDesign.swift */,
				7192C7DF28840290008697E8 /* ActiveCategoryView.swift */,
				7192C7E12884063F008697E8 /* ActiveCategoryListView.swift */,
				7192C7E3288418B7008697E8 /* ActiveCategoryTabView.swift */,
				7192C7E528842FEA008697E8 /* AddNewBillCardView.swift */,
			);
			path = Home;
			sourceTree = "<group>";
		};
		71874836287EB861003B203F /* Modifiers */ = {
			isa = PBXGroup;
			children = (
				71874837287EB88C003B203F /* ViewModifiers.swift */,
				71874839287EB8F0003B203F /* SmallTextStyle.swift */,
				7187483B287EBF69003B203F /* CustomDialog.swift */,
				71874842287EEC51003B203F /* ViewState.swift */,
			);
			path = Modifiers;
			sourceTree = "<group>";
		};
		7187483F287EDC39003B203F /* ViewModel */ = {
			isa = PBXGroup;
			children = (
				71874840287EDC4E003B203F /* OnboardingViewModel.swift */,
			);
			path = ViewModel;
			sourceTree = "<group>";
		};
		718C6283283EBCB4002ADCA8 = {
			isa = PBXGroup;
			children = (
				71AED58B28665C9400A4B14F /* Packages */,
				718C628E283EBCB4002ADCA8 /* TinggIOS */,
				718C628D283EBCB4002ADCA8 /* Products */,
				7108CD75285253DF0034EA29 /* Frameworks */,
			);
			sourceTree = "<group>";
		};
		718C628D283EBCB4002ADCA8 /* Products */ = {
			isa = PBXGroup;
			children = (
				718C628C283EBCB4002ADCA8 /* TinggIOS.app */,
			);
			name = Products;
			sourceTree = "<group>";
		};
		718C628E283EBCB4002ADCA8 /* TinggIOS */ = {
			isa = PBXGroup;
			children = (
				717C6D4F2880C847004B5FBA /* Home */,
				71AED5822865DC2C00A4B14F /* GifImages */,
				71AED57F2865D8B300A4B14F /* Reusables */,
				71AED5482863BBAF00A4B14F /* Onboarding */,
				71AED53C285D007300A4B14F /* Info.plist */,
				718C6291283EBCB4002ADCA8 /* ContentView.swift */,
				718C628F283EBCB4002ADCA8 /* TinggIOSApp.swift */,
				718C6293283EBCB8002ADCA8 /* Assets.xcassets */,
				718C6295283EBCB8002ADCA8 /* Preview Content */,
				715C27E3286D0F93003EDB03 /* ColorAsset.xcassets */,
			);
			path = TinggIOS;
			sourceTree = "<group>";
		};
		718C6295283EBCB8002ADCA8 /* Preview Content */ = {
			isa = PBXGroup;
			children = (
				718C6296283EBCB8002ADCA8 /* Preview Assets.xcassets */,
			);
			path = "Preview Content";
			sourceTree = "<group>";
		};
		71AED5482863BBAF00A4B14F /* Onboarding */ = {
			isa = PBXGroup;
			children = (
				7187483F287EDC39003B203F /* ViewModel */,
				714D3F4E28683AD70024028C /* SplashScreen */,
				71AED5762864EFD600A4B14F /* Intro */,
				71AED5742864E0C200A4B14F /* EnvironmentUtils.swift */,
			);
			path = Onboarding;
			sourceTree = "<group>";
		};
		71AED5762864EFD600A4B14F /* Intro */ = {
			isa = PBXGroup;
			children = (
				71AED5772864F00C00A4B14F /* IntroView.swift */,
				71AED5792864F15100A4B14F /* OnboardingItem.swift */,
				71AED57B2864F20D00A4B14F /* OnboadingView.swift */,
				714D3F4F28683BE40024028C /* PhoneNumberValidationView.swift */,
				716F06162878A6F200A766A3 /* OtpConfirmationView.swift */,
			);
			path = Intro;
			sourceTree = "<group>";
		};
		71AED57F2865D8B300A4B14F /* Reusables */ = {
			isa = PBXGroup;
			children = (
				71874836287EB861003B203F /* Modifiers */,
				716F060F28777F3400A766A3 /* OtpTextField */,
				714D3F6D2868AA8E0024028C /* PhoneNumberTextField */,
				71AED5802865D8DB00A4B14F /* GifImage.swift */,
				714D3F762868C82B0024028C /* UtilViews.swift */,
				715C27E1286D0689003EDB03 /* CheckBoxView.swift */,
			);
			path = Reusables;
			sourceTree = "<group>";
		};
		71AED5822865DC2C00A4B14F /* GifImages */ = {
			isa = PBXGroup;
			children = (
				71AED5842865DC5E00A4B14F /* slideimageone.gif */,
				71AED5832865DC5E00A4B14F /* slideimagetwo.gif */,
			);
			path = GifImages;
			sourceTree = "<group>";
		};
		71AED58B28665C9400A4B14F /* Packages */ = {
			isa = PBXGroup;
			children = (
				71AED58C28665C9500A4B14F /* Theme */,
				71AED5902866793100A4B14F /* Core */,
				71AF110F286F916900C96505 /* ApiModule */,
				71AF1112286F96A400C96505 /* Domain */,
				717C6D4C288079DE004B5FBA /* UserHome */,
			);
			name = Packages;
			sourceTree = "<group>";
		};
/* End PBXGroup section */

/* Begin PBXNativeTarget section */
		718C628B283EBCB4002ADCA8 /* TinggIOS */ = {
			isa = PBXNativeTarget;
			buildConfigurationList = 718C629A283EBCB8002ADCA8 /* Build configuration list for PBXNativeTarget "TinggIOS" */;
			buildPhases = (
				718C6288283EBCB4002ADCA8 /* Sources */,
				718C6289283EBCB4002ADCA8 /* Frameworks */,
				718C628A283EBCB4002ADCA8 /* Resources */,
				717136232840F5CD007F8EEB /* ShellScript */,
				7108CD79285253E00034EA29 /* Embed Frameworks */,
			);
			buildRules = (
			);
			dependencies = (
			);
			name = TinggIOS;
			packageProductDependencies = (
				71AED59128667A9700A4B14F /* Core */,
				71AED59328667AB800A4B14F /* Theme */,
				71AF1110286F91F400C96505 /* ApiModule */,
				71AF1113286FB0D600C96505 /* Domain */,
				717C6D4D28807A10004B5FBA /* UserHome */,
			);
			productName = TingIOS;
			productReference = 718C628C283EBCB4002ADCA8 /* TinggIOS.app */;
			productType = "com.apple.product-type.application";
		};
/* End PBXNativeTarget section */

/* Begin PBXProject section */
		718C6284283EBCB4002ADCA8 /* Project object */ = {
			isa = PBXProject;
			attributes = {
				BuildIndependentTargetsInParallel = 1;
				LastSwiftUpdateCheck = 1340;
				LastUpgradeCheck = 1340;
				TargetAttributes = {
					718C628B283EBCB4002ADCA8 = {
						CreatedOnToolsVersion = 13.4;
					};
				};
			};
			buildConfigurationList = 718C6287283EBCB4002ADCA8 /* Build configuration list for PBXProject "TinggIOS" */;
			compatibilityVersion = "Xcode 13.0";
			developmentRegion = en;
			hasScannedForEncodings = 0;
			knownRegions = (
				en,
				Base,
			);
			mainGroup = 718C6283283EBCB4002ADCA8;
			packageReferences = (
			);
			productRefGroup = 718C628D283EBCB4002ADCA8 /* Products */;
			projectDirPath = "";
			projectRoot = "";
			targets = (
				718C628B283EBCB4002ADCA8 /* TinggIOS */,
			);
		};
/* End PBXProject section */

/* Begin PBXResourcesBuildPhase section */
		718C628A283EBCB4002ADCA8 /* Resources */ = {
			isa = PBXResourcesBuildPhase;
			buildActionMask = 2147483647;
			files = (
				71AED5862865DC5E00A4B14F /* slideimageone.gif in Resources */,
				718C6297283EBCB8002ADCA8 /* Preview Assets.xcassets in Resources */,
				715C27E4286D0F93003EDB03 /* ColorAsset.xcassets in Resources */,
				718C6294283EBCB8002ADCA8 /* Assets.xcassets in Resources */,
				71AED5852865DC5E00A4B14F /* slideimagetwo.gif in Resources */,
			);
			runOnlyForDeploymentPostprocessing = 0;
		};
/* End PBXResourcesBuildPhase section */

/* Begin PBXShellScriptBuildPhase section */
		717136232840F5CD007F8EEB /* ShellScript */ = {
			isa = PBXShellScriptBuildPhase;
			buildActionMask = 2147483647;
			files = (
			);
			inputFileListPaths = (
			);
			inputPaths = (
			);
			outputFileListPaths = (
			);
			outputPaths = (
			);
			runOnlyForDeploymentPostprocessing = 0;
			shellPath = /bin/sh;
			shellScript = "# Type a script or drag a script file from your workspace to insert its path.\nexport PATH=\"$PATH:/opt/homebrew/bin\"\nif which swiftlint > /dev/null; then\n  swiftlint\nelse\n  echo \"warning: SwiftLint not installed, download from https://github.com/realm/SwiftLint\"\nfi\n";
		};
/* End PBXShellScriptBuildPhase section */

/* Begin PBXSourcesBuildPhase section */
		718C6288283EBCB4002ADCA8 /* Sources */ = {
			isa = PBXSourcesBuildPhase;
			buildActionMask = 2147483647;
			files = (
				716F06172878A6F200A766A3 /* OtpConfirmationView.swift in Sources */,
				718C6292283EBCB4002ADCA8 /* ContentView.swift in Sources */,
				7187483A287EB8F0003B203F /* SmallTextStyle.swift in Sources */,
				715C27E2286D0689003EDB03 /* CheckBoxView.swift in Sources */,
				7192C7E628842FEA008697E8 /* AddNewBillCardView.swift in Sources */,
				7192C7E22884063F008697E8 /* ActiveCategoryListView.swift in Sources */,
				71874838287EB88C003B203F /* ViewModifiers.swift in Sources */,
				718C6290283EBCB4002ADCA8 /* TinggIOSApp.swift in Sources */,
				71AED5812865D8DB00A4B14F /* GifImage.swift in Sources */,
				71874843287EEC51003B203F /* ViewState.swift in Sources */,
				71AED57C2864F20D00A4B14F /* OnboadingView.swift in Sources */,
				714D3F732868AAA50024028C /* CountryCodes.swift in Sources */,
				7192C7E028840290008697E8 /* ActiveCategoryView.swift in Sources */,
				71AED5732864E08B00A4B14F /* SplashScreenState.swift in Sources */,
				71AED54A2863BBD500A4B14F /* LaunchScreenView.swift in Sources */,
				714D3F722868AAA50024028C /* CountryCodesView.swift in Sources */,
				714D3F772868C82C0024028C /* UtilViews.swift in Sources */,
				71AED57A2864F15100A4B14F /* OnboardingItem.swift in Sources */,
				71AED5752864E0C200A4B14F /* EnvironmentUtils.swift in Sources */,
				7187483C287EBF69003B203F /* CustomDialog.swift in Sources */,
				71AED5782864F00C00A4B14F /* IntroView.swift in Sources */,
				714D3F5028683BE40024028C /* PhoneNumberValidationView.swift in Sources */,
				7192C7DC2883FEF4008697E8 /* ProfileImageAndHelpIconView.swift in Sources */,
				71874841287EDC4E003B203F /* OnboardingViewModel.swift in Sources */,
				714D3F712868AAA50024028C /* ObservableTextField.swift in Sources */,
				717C6D512880C862004B5FBA /* HomeView.swift in Sources */,
				7192C7DE2884004A008697E8 /* HomeTopViewDesign.swift in Sources */,
				7192C7E4288418B7008697E8 /* ActiveCategoryTabView.swift in Sources */,
				716F061328777F8900A766A3 /* OtpFieldView.swift in Sources */,
				717C6D532880C884004B5FBA /* ActivateCardView.swift in Sources */,
			);
			runOnlyForDeploymentPostprocessing = 0;
		};
/* End PBXSourcesBuildPhase section */

/* Begin XCBuildConfiguration section */
		718C6298283EBCB8002ADCA8 /* Debug */ = {
			isa = XCBuildConfiguration;
			buildSettings = {
				ALWAYS_SEARCH_USER_PATHS = NO;
				CLANG_ANALYZER_NONNULL = YES;
				CLANG_ANALYZER_NUMBER_OBJECT_CONVERSION = YES_AGGRESSIVE;
				CLANG_CXX_LANGUAGE_STANDARD = "gnu++17";
				CLANG_ENABLE_MODULES = YES;
				CLANG_ENABLE_OBJC_ARC = YES;
				CLANG_ENABLE_OBJC_WEAK = YES;
				CLANG_WARN_BLOCK_CAPTURE_AUTORELEASING = YES;
				CLANG_WARN_BOOL_CONVERSION = YES;
				CLANG_WARN_COMMA = YES;
				CLANG_WARN_CONSTANT_CONVERSION = YES;
				CLANG_WARN_DEPRECATED_OBJC_IMPLEMENTATIONS = YES;
				CLANG_WARN_DIRECT_OBJC_ISA_USAGE = YES_ERROR;
				CLANG_WARN_DOCUMENTATION_COMMENTS = YES;
				CLANG_WARN_EMPTY_BODY = YES;
				CLANG_WARN_ENUM_CONVERSION = YES;
				CLANG_WARN_INFINITE_RECURSION = YES;
				CLANG_WARN_INT_CONVERSION = YES;
				CLANG_WARN_NON_LITERAL_NULL_CONVERSION = YES;
				CLANG_WARN_OBJC_IMPLICIT_RETAIN_SELF = YES;
				CLANG_WARN_OBJC_LITERAL_CONVERSION = YES;
				CLANG_WARN_OBJC_ROOT_CLASS = YES_ERROR;
				CLANG_WARN_QUOTED_INCLUDE_IN_FRAMEWORK_HEADER = YES;
				CLANG_WARN_RANGE_LOOP_ANALYSIS = YES;
				CLANG_WARN_STRICT_PROTOTYPES = YES;
				CLANG_WARN_SUSPICIOUS_MOVE = YES;
				CLANG_WARN_UNGUARDED_AVAILABILITY = YES_AGGRESSIVE;
				CLANG_WARN_UNREACHABLE_CODE = YES;
				CLANG_WARN__DUPLICATE_METHOD_MATCH = YES;
				COPY_PHASE_STRIP = NO;
				DEBUG_INFORMATION_FORMAT = dwarf;
				ENABLE_STRICT_OBJC_MSGSEND = YES;
				ENABLE_TESTABILITY = YES;
				GCC_C_LANGUAGE_STANDARD = gnu11;
				GCC_DYNAMIC_NO_PIC = NO;
				GCC_NO_COMMON_BLOCKS = YES;
				GCC_OPTIMIZATION_LEVEL = 0;
				GCC_PREPROCESSOR_DEFINITIONS = (
					"DEBUG=1",
					"$(inherited)",
				);
				GCC_WARN_64_TO_32_BIT_CONVERSION = YES;
				GCC_WARN_ABOUT_RETURN_TYPE = YES_ERROR;
				GCC_WARN_UNDECLARED_SELECTOR = YES;
				GCC_WARN_UNINITIALIZED_AUTOS = YES_AGGRESSIVE;
				GCC_WARN_UNUSED_FUNCTION = YES;
				GCC_WARN_UNUSED_VARIABLE = YES;
				IPHONEOS_DEPLOYMENT_TARGET = 15.5;
				MTL_ENABLE_DEBUG_INFO = INCLUDE_SOURCE;
				MTL_FAST_MATH = YES;
				ONLY_ACTIVE_ARCH = YES;
				SDKROOT = iphoneos;
				SWIFT_ACTIVE_COMPILATION_CONDITIONS = DEBUG;
				SWIFT_OPTIMIZATION_LEVEL = "-Onone";
			};
			name = Debug;
		};
		718C6299283EBCB8002ADCA8 /* Release */ = {
			isa = XCBuildConfiguration;
			buildSettings = {
				ALWAYS_SEARCH_USER_PATHS = NO;
				CLANG_ANALYZER_NONNULL = YES;
				CLANG_ANALYZER_NUMBER_OBJECT_CONVERSION = YES_AGGRESSIVE;
				CLANG_CXX_LANGUAGE_STANDARD = "gnu++17";
				CLANG_ENABLE_MODULES = YES;
				CLANG_ENABLE_OBJC_ARC = YES;
				CLANG_ENABLE_OBJC_WEAK = YES;
				CLANG_WARN_BLOCK_CAPTURE_AUTORELEASING = YES;
				CLANG_WARN_BOOL_CONVERSION = YES;
				CLANG_WARN_COMMA = YES;
				CLANG_WARN_CONSTANT_CONVERSION = YES;
				CLANG_WARN_DEPRECATED_OBJC_IMPLEMENTATIONS = YES;
				CLANG_WARN_DIRECT_OBJC_ISA_USAGE = YES_ERROR;
				CLANG_WARN_DOCUMENTATION_COMMENTS = YES;
				CLANG_WARN_EMPTY_BODY = YES;
				CLANG_WARN_ENUM_CONVERSION = YES;
				CLANG_WARN_INFINITE_RECURSION = YES;
				CLANG_WARN_INT_CONVERSION = YES;
				CLANG_WARN_NON_LITERAL_NULL_CONVERSION = YES;
				CLANG_WARN_OBJC_IMPLICIT_RETAIN_SELF = YES;
				CLANG_WARN_OBJC_LITERAL_CONVERSION = YES;
				CLANG_WARN_OBJC_ROOT_CLASS = YES_ERROR;
				CLANG_WARN_QUOTED_INCLUDE_IN_FRAMEWORK_HEADER = YES;
				CLANG_WARN_RANGE_LOOP_ANALYSIS = YES;
				CLANG_WARN_STRICT_PROTOTYPES = YES;
				CLANG_WARN_SUSPICIOUS_MOVE = YES;
				CLANG_WARN_UNGUARDED_AVAILABILITY = YES_AGGRESSIVE;
				CLANG_WARN_UNREACHABLE_CODE = YES;
				CLANG_WARN__DUPLICATE_METHOD_MATCH = YES;
				COPY_PHASE_STRIP = NO;
				DEBUG_INFORMATION_FORMAT = "dwarf-with-dsym";
				ENABLE_NS_ASSERTIONS = NO;
				ENABLE_STRICT_OBJC_MSGSEND = YES;
				GCC_C_LANGUAGE_STANDARD = gnu11;
				GCC_NO_COMMON_BLOCKS = YES;
				GCC_WARN_64_TO_32_BIT_CONVERSION = YES;
				GCC_WARN_ABOUT_RETURN_TYPE = YES_ERROR;
				GCC_WARN_UNDECLARED_SELECTOR = YES;
				GCC_WARN_UNINITIALIZED_AUTOS = YES_AGGRESSIVE;
				GCC_WARN_UNUSED_FUNCTION = YES;
				GCC_WARN_UNUSED_VARIABLE = YES;
				IPHONEOS_DEPLOYMENT_TARGET = 15.5;
				MTL_ENABLE_DEBUG_INFO = NO;
				MTL_FAST_MATH = YES;
				SDKROOT = iphoneos;
				SWIFT_COMPILATION_MODE = wholemodule;
				SWIFT_OPTIMIZATION_LEVEL = "-O";
				VALIDATE_PRODUCT = YES;
			};
			name = Release;
		};
		718C629B283EBCB8002ADCA8 /* Debug */ = {
			isa = XCBuildConfiguration;
			buildSettings = {
				ASSETCATALOG_COMPILER_APPICON_NAME = AppIcon;
				ASSETCATALOG_COMPILER_GLOBAL_ACCENT_COLOR_NAME = AccentColor;
				CODE_SIGN_STYLE = Automatic;
				CURRENT_PROJECT_VERSION = 2;
				DEVELOPMENT_ASSET_PATHS = "\"TinggIOS/Preview Content\"";
				DEVELOPMENT_TEAM = 3XLCT788QW;
				ENABLE_PREVIEWS = YES;
				GENERATE_INFOPLIST_FILE = YES;
				INFOPLIST_FILE = TinggIOS/Info.plist;
				INFOPLIST_KEY_NSCameraUsageDescription = "TinggIOS requires camera permission for profile photo";
				INFOPLIST_KEY_NSContactsUsageDescription = "TinggIOS requires contact access for friends invite";
				INFOPLIST_KEY_NSLocationAlwaysAndWhenInUseUsageDescription = "TinggIOS requires your location for closest pay point";
				INFOPLIST_KEY_NSLocationWhenInUseUsageDescription = "TinggIOS requires your location for closest pay point";
				INFOPLIST_KEY_NSPhotoLibraryUsageDescription = "TinggIOS requires camera permission for profile photo";
				INFOPLIST_KEY_UIApplicationSceneManifest_Generation = YES;
				INFOPLIST_KEY_UIApplicationSupportsIndirectInputEvents = YES;
				INFOPLIST_KEY_UISupportedInterfaceOrientations_iPad = "UIInterfaceOrientationPortrait UIInterfaceOrientationPortraitUpsideDown UIInterfaceOrientationLandscapeLeft UIInterfaceOrientationLandscapeRight";
				INFOPLIST_KEY_UISupportedInterfaceOrientations_iPhone = "UIInterfaceOrientationPortrait UIInterfaceOrientationLandscapeLeft UIInterfaceOrientationLandscapeRight";
				LD_RUNPATH_SEARCH_PATHS = (
					"$(inherited)",
					"@executable_path/Frameworks",
				);
				MARKETING_VERSION = 0.1.0;
				PRODUCT_BUNDLE_IDENTIFIER = io.cellullant.TinggIOS;
				PRODUCT_NAME = "$(TARGET_NAME)";
				SWIFT_EMIT_LOC_STRINGS = YES;
				SWIFT_VERSION = 5.0;
				TARGETED_DEVICE_FAMILY = "1,2";
			};
			name = Debug;
		};
		718C629C283EBCB8002ADCA8 /* Release */ = {
			isa = XCBuildConfiguration;
			buildSettings = {
				ASSETCATALOG_COMPILER_APPICON_NAME = AppIcon;
				ASSETCATALOG_COMPILER_GLOBAL_ACCENT_COLOR_NAME = AccentColor;
				CODE_SIGN_STYLE = Automatic;
				CURRENT_PROJECT_VERSION = 2;
				DEVELOPMENT_ASSET_PATHS = "\"TinggIOS/Preview Content\"";
				DEVELOPMENT_TEAM = 3XLCT788QW;
				ENABLE_PREVIEWS = YES;
				GENERATE_INFOPLIST_FILE = YES;
				INFOPLIST_FILE = TinggIOS/Info.plist;
				INFOPLIST_KEY_NSCameraUsageDescription = "TinggIOS requires camera permission for profile photo";
				INFOPLIST_KEY_NSContactsUsageDescription = "TinggIOS requires contact access for friends invite";
				INFOPLIST_KEY_NSLocationAlwaysAndWhenInUseUsageDescription = "TinggIOS requires your location for closest pay point";
				INFOPLIST_KEY_NSLocationWhenInUseUsageDescription = "TinggIOS requires your location for closest pay point";
				INFOPLIST_KEY_NSPhotoLibraryUsageDescription = "TinggIOS requires camera permission for profile photo";
				INFOPLIST_KEY_UIApplicationSceneManifest_Generation = YES;
				INFOPLIST_KEY_UIApplicationSupportsIndirectInputEvents = YES;
				INFOPLIST_KEY_UISupportedInterfaceOrientations_iPad = "UIInterfaceOrientationPortrait UIInterfaceOrientationPortraitUpsideDown UIInterfaceOrientationLandscapeLeft UIInterfaceOrientationLandscapeRight";
				INFOPLIST_KEY_UISupportedInterfaceOrientations_iPhone = "UIInterfaceOrientationPortrait UIInterfaceOrientationLandscapeLeft UIInterfaceOrientationLandscapeRight";
				LD_RUNPATH_SEARCH_PATHS = (
					"$(inherited)",
					"@executable_path/Frameworks",
				);
				MARKETING_VERSION = 0.1.0;
				PRODUCT_BUNDLE_IDENTIFIER = io.cellullant.TinggIOS;
				PRODUCT_NAME = "$(TARGET_NAME)";
				SWIFT_EMIT_LOC_STRINGS = YES;
				SWIFT_VERSION = 5.0;
				TARGETED_DEVICE_FAMILY = "1,2";
			};
			name = Release;
		};
/* End XCBuildConfiguration section */

/* Begin XCConfigurationList section */
		718C6287283EBCB4002ADCA8 /* Build configuration list for PBXProject "TinggIOS" */ = {
			isa = XCConfigurationList;
			buildConfigurations = (
				718C6298283EBCB8002ADCA8 /* Debug */,
				718C6299283EBCB8002ADCA8 /* Release */,
			);
			defaultConfigurationIsVisible = 0;
			defaultConfigurationName = Release;
		};
		718C629A283EBCB8002ADCA8 /* Build configuration list for PBXNativeTarget "TinggIOS" */ = {
			isa = XCConfigurationList;
			buildConfigurations = (
				718C629B283EBCB8002ADCA8 /* Debug */,
				718C629C283EBCB8002ADCA8 /* Release */,
			);
			defaultConfigurationIsVisible = 0;
			defaultConfigurationName = Release;
		};
/* End XCConfigurationList section */

/* Begin XCSwiftPackageProductDependency section */
		717C6D4D28807A10004B5FBA /* UserHome */ = {
			isa = XCSwiftPackageProductDependency;
			productName = UserHome;
		};
		71AED59128667A9700A4B14F /* Core */ = {
			isa = XCSwiftPackageProductDependency;
			productName = Core;
		};
		71AED59328667AB800A4B14F /* Theme */ = {
			isa = XCSwiftPackageProductDependency;
			productName = Theme;
		};
		71AF1110286F91F400C96505 /* ApiModule */ = {
			isa = XCSwiftPackageProductDependency;
			productName = ApiModule;
		};
		71AF1113286FB0D600C96505 /* Domain */ = {
			isa = XCSwiftPackageProductDependency;
			productName = Domain;
		};
/* End XCSwiftPackageProductDependency section */
	};
	rootObject = 718C6284283EBCB4002ADCA8 /* Project object */;
}
