// !$*UTF8*$!
{
	archiveVersion = 1;
	classes = {
	};
	objectVersion = 55;
	objects = {

/* Begin PBXBuildFile section */
		7108CB1A29C4695B0053B113 /* smile_config.json in Resources */ = {isa = PBXBuildFile; fileRef = 7108CB1929C4695B0053B113 /* smile_config.json */; };
		71091EC829EECEE200843FFA /* pendingstateicon.gif in Resources */ = {isa = PBXBuildFile; fileRef = 71091EC729EECEE200843FFA /* pendingstateicon.gif */; };
		71091ECA29EED24300843FFA /* VirtualCardBannerView.swift in Sources */ = {isa = PBXBuildFile; fileRef = 71091EC929EED24300843FFA /* VirtualCardBannerView.swift */; };
		71091ED129EED7CE00843FFA /* VirtualCardHomeView.swift in Sources */ = {isa = PBXBuildFile; fileRef = 71091ED029EED7CE00843FFA /* VirtualCardHomeView.swift */; };
		71091ED229EED7CE00843FFA /* TransactionListView.swift in Sources */ = {isa = PBXBuildFile; fileRef = 71091ECF29EED7CE00843FFA /* TransactionListView.swift */; };
		71091ED329EED7CE00843FFA /* VirtualCardActionView.swift in Sources */ = {isa = PBXBuildFile; fileRef = 71091ECE29EED7CD00843FFA /* VirtualCardActionView.swift */; };
		71091ED529EED86E00843FFA /* CardFrontLayoutView.swift in Sources */ = {isa = PBXBuildFile; fileRef = 71091ED429EED86E00843FFA /* CardFrontLayoutView.swift */; };
		71091ED729EED95100843FFA /* VerificationPendingStateView.swift in Sources */ = {isa = PBXBuildFile; fileRef = 71091ED629EED95000843FFA /* VerificationPendingStateView.swift */; };
		71091ED929EEF3C800843FFA /* VirtualCardViewModel.swift in Sources */ = {isa = PBXBuildFile; fileRef = 71091ED829EEF3C800843FFA /* VirtualCardViewModel.swift */; };
		71091EDB29EFEDFD00843FFA /* VirtualCardLinkedStateView.swift in Sources */ = {isa = PBXBuildFile; fileRef = 71091EDA29EFEDFD00843FFA /* VirtualCardLinkedStateView.swift */; };
		71091EDD29F0179800843FFA /* VirtualCardState.swift in Sources */ = {isa = PBXBuildFile; fileRef = 71091EDC29F0179800843FFA /* VirtualCardState.swift */; };
		710F9D2F2979B2FF0034E193 /* Pin in Frameworks */ = {isa = PBXBuildFile; productRef = 710F9D2E2979B2FF0034E193 /* Pin */; };
		71463F3628BE4CA800A54384 /* HomeUITests.swift in Sources */ = {isa = PBXBuildFile; fileRef = 71463F3528BE4CA800A54384 /* HomeUITests.swift */; };
		71463F3828BE4CA800A54384 /* HomeUITestsLaunchTests.swift in Sources */ = {isa = PBXBuildFile; fileRef = 71463F3728BE4CA800A54384 /* HomeUITestsLaunchTests.swift */; };
		714B15AA2899D5C6005338EB /* OnboardingUITest.swift in Sources */ = {isa = PBXBuildFile; fileRef = 714B15A92899D5C6005338EB /* OnboardingUITest.swift */; };
		714B15AC2899D5C6005338EB /* OnboardingUITestLaunchTests.swift in Sources */ = {isa = PBXBuildFile; fileRef = 714B15AB2899D5C6005338EB /* OnboardingUITestLaunchTests.swift */; };
		7156555829B1024F00307866 /* Airtime in Frameworks */ = {isa = PBXBuildFile; productRef = 7156555729B1024F00307866 /* Airtime */; };
		715C27E4286D0F93003EDB03 /* ColorAsset.xcassets in Resources */ = {isa = PBXBuildFile; fileRef = 715C27E3286D0F93003EDB03 /* ColorAsset.xcassets */; };
		716708EC2A1D17BC00ED5E67 /* GoogleService-Info.plist in Resources */ = {isa = PBXBuildFile; fileRef = 716708EB2A1D17BB00ED5E67 /* GoogleService-Info.plist */; };
		71682416290B035200A80C26 /* Documentation.docc in Sources */ = {isa = PBXBuildFile; fileRef = 71682415290B035200A80C26 /* Documentation.docc */; };
		717219D12A7018240061F639 /* tingg.jks in Resources */ = {isa = PBXBuildFile; fileRef = 717219D02A7018240061F639 /* tingg.jks */; };
		718114F729D2C0D200BCDE96 /* NewView.swift in Sources */ = {isa = PBXBuildFile; fileRef = 718114F629D2C0D100BCDE96 /* NewView.swift */; };
		718C6290283EBCB4002ADCA8 /* TinggIOSApp.swift in Sources */ = {isa = PBXBuildFile; fileRef = 718C628F283EBCB4002ADCA8 /* TinggIOSApp.swift */; };
		718C6294283EBCB8002ADCA8 /* Assets.xcassets in Resources */ = {isa = PBXBuildFile; fileRef = 718C6293283EBCB8002ADCA8 /* Assets.xcassets */; };
		718C6297283EBCB8002ADCA8 /* Preview Assets.xcassets in Resources */ = {isa = PBXBuildFile; fileRef = 718C6296283EBCB8002ADCA8 /* Preview Assets.xcassets */; };
		71988FB32A53213300C7D72F /* AppDelegate.swift in Sources */ = {isa = PBXBuildFile; fileRef = 71988FB22A53213300C7D72F /* AppDelegate.swift */; };
		71988FB92A545FAE00C7D72F /* Bills in Frameworks */ = {isa = PBXBuildFile; productRef = 71988FB82A545FAE00C7D72F /* Bills */; };
		71988FD82A57036500C7D72F /* HomeScreen.swift in Sources */ = {isa = PBXBuildFile; fileRef = 71988FBC2A57036400C7D72F /* HomeScreen.swift */; };
		71988FD92A57036500C7D72F /* HomeDI.swift in Sources */ = {isa = PBXBuildFile; fileRef = 71988FBE2A57036400C7D72F /* HomeDI.swift */; };
		71988FDA2A57036500C7D72F /* HomeViewModel.swift in Sources */ = {isa = PBXBuildFile; fileRef = 71988FC02A57036400C7D72F /* HomeViewModel.swift */; };
		71988FDB2A57036500C7D72F /* HomeUsecase.swift in Sources */ = {isa = PBXBuildFile; fileRef = 71988FC22A57036400C7D72F /* HomeUsecase.swift */; };
		71988FDE2A57036500C7D72F /* HomeBottomNavView.swift in Sources */ = {isa = PBXBuildFile; fileRef = 71988FC72A57036500C7D72F /* HomeBottomNavView.swift */; };
		71988FDF2A57036500C7D72F /* ActiveCategoryTabView.swift in Sources */ = {isa = PBXBuildFile; fileRef = 71988FC82A57036500C7D72F /* ActiveCategoryTabView.swift */; };
		71988FE02A57036500C7D72F /* ShimmerUIViews.swift in Sources */ = {isa = PBXBuildFile; fileRef = 71988FCA2A57036500C7D72F /* ShimmerUIViews.swift */; };
		71988FE12A57036500C7D72F /* HomeView.swift in Sources */ = {isa = PBXBuildFile; fileRef = 71988FCB2A57036500C7D72F /* HomeView.swift */; };
		71988FE22A57036500C7D72F /* AboutView.swift in Sources */ = {isa = PBXBuildFile; fileRef = 71988FCD2A57036500C7D72F /* AboutView.swift */; };
		71988FE32A57036500C7D72F /* SettingsView.swift in Sources */ = {isa = PBXBuildFile; fileRef = 71988FCE2A57036500C7D72F /* SettingsView.swift */; };
		71988FE42A57036500C7D72F /* EditProfileView.swift in Sources */ = {isa = PBXBuildFile; fileRef = 71988FCF2A57036500C7D72F /* EditProfileView.swift */; };
		71988FE52A57036500C7D72F /* PaymentOptionsView.swift in Sources */ = {isa = PBXBuildFile; fileRef = 71988FD02A57036500C7D72F /* PaymentOptionsView.swift */; };
		71988FE62A57036500C7D72F /* SupportView.swift in Sources */ = {isa = PBXBuildFile; fileRef = 71988FD12A57036500C7D72F /* SupportView.swift */; };
		71988FE82A57036500C7D72F /* ActiveCategoryListView.swift in Sources */ = {isa = PBXBuildFile; fileRef = 71988FD32A57036500C7D72F /* ActiveCategoryListView.swift */; };
		71988FE92A57036500C7D72F /* ActivateCardView.swift in Sources */ = {isa = PBXBuildFile; fileRef = 71988FD42A57036500C7D72F /* ActivateCardView.swift */; };
		71988FEB2A57036500C7D72F /* HomeTopViewDesign.swift in Sources */ = {isa = PBXBuildFile; fileRef = 71988FD62A57036500C7D72F /* HomeTopViewDesign.swift */; };
		71BA90BE28FE7787007B85F2 /* LaunchScreenView.swift in Sources */ = {isa = PBXBuildFile; fileRef = 71BA90BD28FE7787007B85F2 /* LaunchScreenView.swift */; };
		71D019E128A8538400312864 /* Onboarding in Frameworks */ = {isa = PBXBuildFile; productRef = 71D019E028A8538400312864 /* Onboarding */; };
		71F7D7A72981B1A00086AE84 /* CreditCard in Frameworks */ = {isa = PBXBuildFile; productRef = 71F7D7A62981B1A00086AE84 /* CreditCard */; };
		71F7D7AA29859ABE0086AE84 /* NavigationModifier.swift in Sources */ = {isa = PBXBuildFile; fileRef = 71F7D7A929859ABE0086AE84 /* NavigationModifier.swift */; };
/* End PBXBuildFile section */

/* Begin PBXContainerItemProxy section */
		71463F3928BE4CA800A54384 /* PBXContainerItemProxy */ = {
			isa = PBXContainerItemProxy;
			containerPortal = 718C6284283EBCB4002ADCA8 /* Project object */;
			proxyType = 1;
			remoteGlobalIDString = 718C628B283EBCB4002ADCA8;
			remoteInfo = TinggIOS;
		};
		714B15AD2899D5C6005338EB /* PBXContainerItemProxy */ = {
			isa = PBXContainerItemProxy;
			containerPortal = 718C6284283EBCB4002ADCA8 /* Project object */;
			proxyType = 1;
			remoteGlobalIDString = 718C628B283EBCB4002ADCA8;
			remoteInfo = TinggIOS;
		};
/* End PBXContainerItemProxy section */

/* Begin PBXCopyFilesBuildPhase section */
		717903752892EBB200451190 /* Embed Frameworks */ = {
			isa = PBXCopyFilesBuildPhase;
			buildActionMask = 12;
			dstPath = "";
			dstSubfolderSpec = 10;
			files = (
			);
			name = "Embed Frameworks";
			runOnlyForDeploymentPostprocessing = 0;
		};
/* End PBXCopyFilesBuildPhase section */

/* Begin PBXFileReference section */
		7108CB1929C4695B0053B113 /* smile_config.json */ = {isa = PBXFileReference; lastKnownFileType = text.json; path = smile_config.json; sourceTree = "<group>"; };
		7108CD76285253E00034EA29 /* Permissions.framework */ = {isa = PBXFileReference; explicitFileType = wrapper.framework; path = Permissions.framework; sourceTree = BUILT_PRODUCTS_DIR; };
		71091EC729EECEE200843FFA /* pendingstateicon.gif */ = {isa = PBXFileReference; lastKnownFileType = image.gif; path = pendingstateicon.gif; sourceTree = "<group>"; };
		71091EC929EED24300843FFA /* VirtualCardBannerView.swift */ = {isa = PBXFileReference; lastKnownFileType = sourcecode.swift; path = VirtualCardBannerView.swift; sourceTree = "<group>"; };
		71091ECE29EED7CD00843FFA /* VirtualCardActionView.swift */ = {isa = PBXFileReference; lastKnownFileType = sourcecode.swift; path = VirtualCardActionView.swift; sourceTree = "<group>"; };
		71091ECF29EED7CE00843FFA /* TransactionListView.swift */ = {isa = PBXFileReference; lastKnownFileType = sourcecode.swift; path = TransactionListView.swift; sourceTree = "<group>"; };
		71091ED029EED7CE00843FFA /* VirtualCardHomeView.swift */ = {isa = PBXFileReference; lastKnownFileType = sourcecode.swift; path = VirtualCardHomeView.swift; sourceTree = "<group>"; };
		71091ED429EED86E00843FFA /* CardFrontLayoutView.swift */ = {isa = PBXFileReference; lastKnownFileType = sourcecode.swift; path = CardFrontLayoutView.swift; sourceTree = "<group>"; };
		71091ED629EED95000843FFA /* VerificationPendingStateView.swift */ = {isa = PBXFileReference; lastKnownFileType = sourcecode.swift; path = VerificationPendingStateView.swift; sourceTree = "<group>"; };
		71091ED829EEF3C800843FFA /* VirtualCardViewModel.swift */ = {isa = PBXFileReference; lastKnownFileType = sourcecode.swift; path = VirtualCardViewModel.swift; sourceTree = "<group>"; };
		71091EDA29EFEDFD00843FFA /* VirtualCardLinkedStateView.swift */ = {isa = PBXFileReference; lastKnownFileType = sourcecode.swift; path = VirtualCardLinkedStateView.swift; sourceTree = "<group>"; };
		71091EDC29F0179800843FFA /* VirtualCardState.swift */ = {isa = PBXFileReference; lastKnownFileType = sourcecode.swift; path = VirtualCardState.swift; sourceTree = "<group>"; };
		710F9D2D2979B2E50034E193 /* Pin */ = {isa = PBXFileReference; lastKnownFileType = wrapper; path = Pin; sourceTree = "<group>"; };
		71463F3328BE4CA800A54384 /* HomeUITests.xctest */ = {isa = PBXFileReference; explicitFileType = wrapper.cfbundle; includeInIndex = 0; path = HomeUITests.xctest; sourceTree = BUILT_PRODUCTS_DIR; };
		71463F3528BE4CA800A54384 /* HomeUITests.swift */ = {isa = PBXFileReference; lastKnownFileType = sourcecode.swift; path = HomeUITests.swift; sourceTree = "<group>"; };
		71463F3728BE4CA800A54384 /* HomeUITestsLaunchTests.swift */ = {isa = PBXFileReference; lastKnownFileType = sourcecode.swift; path = HomeUITestsLaunchTests.swift; sourceTree = "<group>"; };
		714B15A72899D5C6005338EB /* OnboardingUITest.xctest */ = {isa = PBXFileReference; explicitFileType = wrapper.cfbundle; includeInIndex = 0; path = OnboardingUITest.xctest; sourceTree = BUILT_PRODUCTS_DIR; };
		714B15A92899D5C6005338EB /* OnboardingUITest.swift */ = {isa = PBXFileReference; lastKnownFileType = sourcecode.swift; path = OnboardingUITest.swift; sourceTree = "<group>"; };
		714B15AB2899D5C6005338EB /* OnboardingUITestLaunchTests.swift */ = {isa = PBXFileReference; lastKnownFileType = sourcecode.swift; path = OnboardingUITestLaunchTests.swift; sourceTree = "<group>"; };
		7151502329743AF600B0D161 /* Checkout */ = {isa = PBXFileReference; lastKnownFileType = wrapper; path = Checkout; sourceTree = "<group>"; };
		7156555629B1023400307866 /* Airtime */ = {isa = PBXFileReference; lastKnownFileType = wrapper; path = Airtime; sourceTree = "<group>"; };
		715C27E3286D0F93003EDB03 /* ColorAsset.xcassets */ = {isa = PBXFileReference; lastKnownFileType = folder.assetcatalog; path = ColorAsset.xcassets; sourceTree = "<group>"; };
		716708EA2A1D13E500ED5E67 /* TinggIOSRelease.entitlements */ = {isa = PBXFileReference; lastKnownFileType = text.plist.entitlements; path = TinggIOSRelease.entitlements; sourceTree = "<group>"; };
		716708EB2A1D17BB00ED5E67 /* GoogleService-Info.plist */ = {isa = PBXFileReference; fileEncoding = 4; lastKnownFileType = text.plist.xml; path = "GoogleService-Info.plist"; sourceTree = "<group>"; };
		716708ED2A1D1BDA00ED5E67 /* TinggIOSDebug.entitlements */ = {isa = PBXFileReference; lastKnownFileType = text.plist.entitlements; path = TinggIOSDebug.entitlements; sourceTree = "<group>"; };
		71682415290B035200A80C26 /* Documentation.docc */ = {isa = PBXFileReference; lastKnownFileType = folder.documentationcatalog; path = Documentation.docc; sourceTree = "<group>"; };
		71707E5028FFBDD700CD9BB6 /* Permissions */ = {isa = PBXFileReference; lastKnownFileType = wrapper; path = Permissions; sourceTree = "<group>"; };
		717219D02A7018240061F639 /* tingg.jks */ = {isa = PBXFileReference; lastKnownFileType = file; path = tingg.jks; sourceTree = "<group>"; };
		718114F629D2C0D100BCDE96 /* NewView.swift */ = {isa = PBXFileReference; lastKnownFileType = sourcecode.swift; path = NewView.swift; sourceTree = "<group>"; };
		71867FB628946D8E008A5411 /* Theme */ = {isa = PBXFileReference; lastKnownFileType = wrapper; path = Theme; sourceTree = "<group>"; };
		71867FB728946DCB008A5411 /* Onboarding */ = {isa = PBXFileReference; lastKnownFileType = wrapper; path = Onboarding; sourceTree = "<group>"; };
		718C628C283EBCB4002ADCA8 /* TinggIOS.app */ = {isa = PBXFileReference; explicitFileType = wrapper.application; includeInIndex = 0; path = TinggIOS.app; sourceTree = BUILT_PRODUCTS_DIR; };
		718C628F283EBCB4002ADCA8 /* TinggIOSApp.swift */ = {isa = PBXFileReference; lastKnownFileType = sourcecode.swift; path = TinggIOSApp.swift; sourceTree = "<group>"; };
		718C6293283EBCB8002ADCA8 /* Assets.xcassets */ = {isa = PBXFileReference; lastKnownFileType = folder.assetcatalog; path = Assets.xcassets; sourceTree = "<group>"; };
		718C6296283EBCB8002ADCA8 /* Preview Assets.xcassets */ = {isa = PBXFileReference; lastKnownFileType = folder.assetcatalog; path = "Preview Assets.xcassets"; sourceTree = "<group>"; };
		71988FB22A53213300C7D72F /* AppDelegate.swift */ = {isa = PBXFileReference; fileEncoding = 4; lastKnownFileType = sourcecode.swift; path = AppDelegate.swift; sourceTree = "<group>"; };
		71988FB42A53246200C7D72F /* FreshChat */ = {isa = PBXFileReference; lastKnownFileType = wrapper; path = FreshChat; sourceTree = "<group>"; };
		71988FB72A545C4600C7D72F /* Bills */ = {isa = PBXFileReference; lastKnownFileType = wrapper; path = Bills; sourceTree = "<group>"; };
		71988FBC2A57036400C7D72F /* HomeScreen.swift */ = {isa = PBXFileReference; fileEncoding = 4; lastKnownFileType = sourcecode.swift; path = HomeScreen.swift; sourceTree = "<group>"; };
		71988FBE2A57036400C7D72F /* HomeDI.swift */ = {isa = PBXFileReference; fileEncoding = 4; lastKnownFileType = sourcecode.swift; path = HomeDI.swift; sourceTree = "<group>"; };
		71988FC02A57036400C7D72F /* HomeViewModel.swift */ = {isa = PBXFileReference; fileEncoding = 4; lastKnownFileType = sourcecode.swift; path = HomeViewModel.swift; sourceTree = "<group>"; };
		71988FC22A57036400C7D72F /* HomeUsecase.swift */ = {isa = PBXFileReference; fileEncoding = 4; lastKnownFileType = sourcecode.swift; path = HomeUsecase.swift; sourceTree = "<group>"; };
		71988FC72A57036500C7D72F /* HomeBottomNavView.swift */ = {isa = PBXFileReference; fileEncoding = 4; lastKnownFileType = sourcecode.swift; path = HomeBottomNavView.swift; sourceTree = "<group>"; };
		71988FC82A57036500C7D72F /* ActiveCategoryTabView.swift */ = {isa = PBXFileReference; fileEncoding = 4; lastKnownFileType = sourcecode.swift; path = ActiveCategoryTabView.swift; sourceTree = "<group>"; };
		71988FCA2A57036500C7D72F /* ShimmerUIViews.swift */ = {isa = PBXFileReference; fileEncoding = 4; lastKnownFileType = sourcecode.swift; path = ShimmerUIViews.swift; sourceTree = "<group>"; };
		71988FCB2A57036500C7D72F /* HomeView.swift */ = {isa = PBXFileReference; fileEncoding = 4; lastKnownFileType = sourcecode.swift; path = HomeView.swift; sourceTree = "<group>"; };
		71988FCD2A57036500C7D72F /* AboutView.swift */ = {isa = PBXFileReference; fileEncoding = 4; lastKnownFileType = sourcecode.swift; path = AboutView.swift; sourceTree = "<group>"; };
		71988FCE2A57036500C7D72F /* SettingsView.swift */ = {isa = PBXFileReference; fileEncoding = 4; lastKnownFileType = sourcecode.swift; path = SettingsView.swift; sourceTree = "<group>"; };
		71988FCF2A57036500C7D72F /* EditProfileView.swift */ = {isa = PBXFileReference; fileEncoding = 4; lastKnownFileType = sourcecode.swift; path = EditProfileView.swift; sourceTree = "<group>"; };
		71988FD02A57036500C7D72F /* PaymentOptionsView.swift */ = {isa = PBXFileReference; fileEncoding = 4; lastKnownFileType = sourcecode.swift; path = PaymentOptionsView.swift; sourceTree = "<group>"; };
		71988FD12A57036500C7D72F /* SupportView.swift */ = {isa = PBXFileReference; fileEncoding = 4; lastKnownFileType = sourcecode.swift; path = SupportView.swift; sourceTree = "<group>"; };
		71988FD32A57036500C7D72F /* ActiveCategoryListView.swift */ = {isa = PBXFileReference; fileEncoding = 4; lastKnownFileType = sourcecode.swift; path = ActiveCategoryListView.swift; sourceTree = "<group>"; };
		71988FD42A57036500C7D72F /* ActivateCardView.swift */ = {isa = PBXFileReference; fileEncoding = 4; lastKnownFileType = sourcecode.swift; path = ActivateCardView.swift; sourceTree = "<group>"; };
		71988FD62A57036500C7D72F /* HomeTopViewDesign.swift */ = {isa = PBXFileReference; fileEncoding = 4; lastKnownFileType = sourcecode.swift; path = HomeTopViewDesign.swift; sourceTree = "<group>"; };
		71AED53C285D007300A4B14F /* Info.plist */ = {isa = PBXFileReference; lastKnownFileType = text.plist.xml; path = Info.plist; sourceTree = "<group>"; };
		71AED545286128F400A4B14F /* Core.framework */ = {isa = PBXFileReference; explicitFileType = wrapper.framework; path = Core.framework; sourceTree = BUILT_PRODUCTS_DIR; };
		71AED56F2864D90B00A4B14F /* Theme.framework */ = {isa = PBXFileReference; explicitFileType = wrapper.framework; path = Theme.framework; sourceTree = BUILT_PRODUCTS_DIR; };
		71BA90BD28FE7787007B85F2 /* LaunchScreenView.swift */ = {isa = PBXFileReference; lastKnownFileType = sourcecode.swift; path = LaunchScreenView.swift; sourceTree = "<group>"; };
		71C72F1A29CCACD7004E7F4C /* CoreUI */ = {isa = PBXFileReference; lastKnownFileType = wrapper; path = CoreUI; sourceTree = "<group>"; };
		71DD68C429F8417200E8A57D /* CoreNavigation */ = {isa = PBXFileReference; lastKnownFileType = wrapper; path = CoreNavigation; sourceTree = "<group>"; };
		71E2BE26289BE97A0025ED12 /* Core */ = {isa = PBXFileReference; lastKnownFileType = wrapper; path = Core; sourceTree = "<group>"; };
		71F7D7A52981B1700086AE84 /* CreditCard */ = {isa = PBXFileReference; lastKnownFileType = wrapper; path = CreditCard; sourceTree = "<group>"; };
		71F7D7A929859ABE0086AE84 /* NavigationModifier.swift */ = {isa = PBXFileReference; lastKnownFileType = sourcecode.swift; path = NavigationModifier.swift; sourceTree = "<group>"; };
/* End PBXFileReference section */

/* Begin PBXFrameworksBuildPhase section */
		71463F3028BE4CA800A54384 /* Frameworks */ = {
			isa = PBXFrameworksBuildPhase;
			buildActionMask = 2147483647;
			files = (
			);
			runOnlyForDeploymentPostprocessing = 0;
		};
		714B15A42899D5C6005338EB /* Frameworks */ = {
			isa = PBXFrameworksBuildPhase;
			buildActionMask = 2147483647;
			files = (
			);
			runOnlyForDeploymentPostprocessing = 0;
		};
		718C6289283EBCB4002ADCA8 /* Frameworks */ = {
			isa = PBXFrameworksBuildPhase;
			buildActionMask = 2147483647;
			files = (
				7156555829B1024F00307866 /* Airtime in Frameworks */,
				71D019E128A8538400312864 /* Onboarding in Frameworks */,
				71988FB92A545FAE00C7D72F /* Bills in Frameworks */,
				710F9D2F2979B2FF0034E193 /* Pin in Frameworks */,
				71F7D7A72981B1A00086AE84 /* CreditCard in Frameworks */,
			);
			runOnlyForDeploymentPostprocessing = 0;
		};
/* End PBXFrameworksBuildPhase section */

/* Begin PBXGroup section */
		7108CD75285253DF0034EA29 /* Frameworks */ = {
			isa = PBXGroup;
			children = (
				71AED56F2864D90B00A4B14F /* Theme.framework */,
				71AED545286128F400A4B14F /* Core.framework */,
				7108CD76285253E00034EA29 /* Permissions.framework */,
			);
			name = Frameworks;
			sourceTree = "<group>";
		};
		71091ECB29EED46A00843FFA /* VirtualCard */ = {
			isa = PBXGroup;
			children = (
				71091ED429EED86E00843FFA /* CardFrontLayoutView.swift */,
				71091ECF29EED7CE00843FFA /* TransactionListView.swift */,
				71091ECE29EED7CD00843FFA /* VirtualCardActionView.swift */,
				71091ED029EED7CE00843FFA /* VirtualCardHomeView.swift */,
				71091EC929EED24300843FFA /* VirtualCardBannerView.swift */,
				71091ED629EED95000843FFA /* VerificationPendingStateView.swift */,
				71091ED829EEF3C800843FFA /* VirtualCardViewModel.swift */,
				71091EDA29EFEDFD00843FFA /* VirtualCardLinkedStateView.swift */,
				71091EDC29F0179800843FFA /* VirtualCardState.swift */,
			);
			path = VirtualCard;
			sourceTree = "<group>";
		};
		71463F3428BE4CA800A54384 /* HomeUITests */ = {
			isa = PBXGroup;
			children = (
				71463F3528BE4CA800A54384 /* HomeUITests.swift */,
				71463F3728BE4CA800A54384 /* HomeUITestsLaunchTests.swift */,
			);
			path = HomeUITests;
			sourceTree = "<group>";
		};
		714B15A82899D5C6005338EB /* OnboardingUITest */ = {
			isa = PBXGroup;
			children = (
				714B15A92899D5C6005338EB /* OnboardingUITest.swift */,
				714B15AB2899D5C6005338EB /* OnboardingUITestLaunchTests.swift */,
			);
			path = OnboardingUITest;
			sourceTree = "<group>";
		};
		718C6283283EBCB4002ADCA8 = {
			isa = PBXGroup;
			children = (
				7108CB1929C4695B0053B113 /* smile_config.json */,
				71AED58B28665C9400A4B14F /* Packages */,
				718C628E283EBCB4002ADCA8 /* TinggIOS */,
				714B15A82899D5C6005338EB /* OnboardingUITest */,
				71463F3428BE4CA800A54384 /* HomeUITests */,
				718C628D283EBCB4002ADCA8 /* Products */,
				7108CD75285253DF0034EA29 /* Frameworks */,
			);
			sourceTree = "<group>";
		};
		718C628D283EBCB4002ADCA8 /* Products */ = {
			isa = PBXGroup;
			children = (
				718C628C283EBCB4002ADCA8 /* TinggIOS.app */,
				714B15A72899D5C6005338EB /* OnboardingUITest.xctest */,
				71463F3328BE4CA800A54384 /* HomeUITests.xctest */,
			);
			name = Products;
			sourceTree = "<group>";
		};
		718C628E283EBCB4002ADCA8 /* TinggIOS */ = {
			isa = PBXGroup;
			children = (
				71988FB12A5320FA00C7D72F /* App */,
				718C628F283EBCB4002ADCA8 /* TinggIOSApp.swift */,
				716708ED2A1D1BDA00ED5E67 /* TinggIOSDebug.entitlements */,
				716708EA2A1D13E500ED5E67 /* TinggIOSRelease.entitlements */,
				716708EB2A1D17BB00ED5E67 /* GoogleService-Info.plist */,
				71091EC729EECEE200843FFA /* pendingstateicon.gif */,
				718C6293283EBCB8002ADCA8 /* Assets.xcassets */,
				715C27E3286D0F93003EDB03 /* ColorAsset.xcassets */,
				718C6295283EBCB8002ADCA8 /* Preview Content */,
				71AED53C285D007300A4B14F /* Info.plist */,
				71682415290B035200A80C26 /* Documentation.docc */,
				718114F629D2C0D100BCDE96 /* NewView.swift */,
			);
			path = TinggIOS;
			sourceTree = "<group>";
		};
		718C6295283EBCB8002ADCA8 /* Preview Content */ = {
			isa = PBXGroup;
			children = (
				718C6296283EBCB8002ADCA8 /* Preview Assets.xcassets */,
			);
			path = "Preview Content";
			sourceTree = "<group>";
		};
		71988FB12A5320FA00C7D72F /* App */ = {
			isa = PBXGroup;
			children = (
				71988FBA2A57033500C7D72F /* Home */,
				71091ECB29EED46A00843FFA /* VirtualCard */,
				71F7D7A829859AA70086AE84 /* Navigation */,
				71BA90B428FE738B007B85F2 /* SplashScreen */,
				71988FB22A53213300C7D72F /* AppDelegate.swift */,
				717219D02A7018240061F639 /* tingg.jks */,
			);
			name = App;
			sourceTree = "<group>";
		};
		71988FBA2A57033500C7D72F /* Home */ = {
			isa = PBXGroup;
			children = (
				71988FBD2A57036400C7D72F /* DI */,
				71988FC12A57036400C7D72F /* Usecases */,
				71988FBB2A57036400C7D72F /* Utils */,
				71988FBF2A57036400C7D72F /* ViewModel */,
				71988FC32A57036500C7D72F /* Views */,
			);
			path = Home;
			sourceTree = "<group>";
		};
		71988FBB2A57036400C7D72F /* Utils */ = {
			isa = PBXGroup;
			children = (
				71988FBC2A57036400C7D72F /* HomeScreen.swift */,
			);
			path = Utils;
			sourceTree = "<group>";
		};
		71988FBD2A57036400C7D72F /* DI */ = {
			isa = PBXGroup;
			children = (
				71988FBE2A57036400C7D72F /* HomeDI.swift */,
			);
			path = DI;
			sourceTree = "<group>";
		};
		71988FBF2A57036400C7D72F /* ViewModel */ = {
			isa = PBXGroup;
			children = (
				71988FC02A57036400C7D72F /* HomeViewModel.swift */,
			);
			path = ViewModel;
			sourceTree = "<group>";
		};
		71988FC12A57036400C7D72F /* Usecases */ = {
			isa = PBXGroup;
			children = (
				71988FC22A57036400C7D72F /* HomeUsecase.swift */,
			);
			path = Usecases;
			sourceTree = "<group>";
		};
		71988FC32A57036500C7D72F /* Views */ = {
			isa = PBXGroup;
			children = (
				71988FC72A57036500C7D72F /* HomeBottomNavView.swift */,
				71988FC82A57036500C7D72F /* ActiveCategoryTabView.swift */,
				71988FC92A57036500C7D72F /* Shimmers */,
				71988FCB2A57036500C7D72F /* HomeView.swift */,
				71988FCC2A57036500C7D72F /* DrawerDestinationView */,
				71988FD32A57036500C7D72F /* ActiveCategoryListView.swift */,
				71988FD42A57036500C7D72F /* ActivateCardView.swift */,
				71988FD62A57036500C7D72F /* HomeTopViewDesign.swift */,
			);
			path = Views;
			sourceTree = "<group>";
		};
		71988FC92A57036500C7D72F /* Shimmers */ = {
			isa = PBXGroup;
			children = (
				71988FCA2A57036500C7D72F /* ShimmerUIViews.swift */,
			);
			path = Shimmers;
			sourceTree = "<group>";
		};
		71988FCC2A57036500C7D72F /* DrawerDestinationView */ = {
			isa = PBXGroup;
			children = (
				71988FCD2A57036500C7D72F /* AboutView.swift */,
				71988FCE2A57036500C7D72F /* SettingsView.swift */,
				71988FCF2A57036500C7D72F /* EditProfileView.swift */,
				71988FD02A57036500C7D72F /* PaymentOptionsView.swift */,
				71988FD12A57036500C7D72F /* SupportView.swift */,
			);
			path = DrawerDestinationView;
			sourceTree = "<group>";
		};
		71AED58B28665C9400A4B14F /* Packages */ = {
			isa = PBXGroup;
			children = (
				71867FB628946D8E008A5411 /* Theme */,
				71867FB728946DCB008A5411 /* Onboarding */,
				71E2BE26289BE97A0025ED12 /* Core */,
				71707E5028FFBDD700CD9BB6 /* Permissions */,
				7151502329743AF600B0D161 /* Checkout */,
				710F9D2D2979B2E50034E193 /* Pin */,
				71F7D7A52981B1700086AE84 /* CreditCard */,
				7156555629B1023400307866 /* Airtime */,
				71C72F1A29CCACD7004E7F4C /* CoreUI */,
				71DD68C429F8417200E8A57D /* CoreNavigation */,
				71988FB42A53246200C7D72F /* FreshChat */,
				71988FB72A545C4600C7D72F /* Bills */,
			);
			name = Packages;
			sourceTree = "<group>";
		};
		71BA90B428FE738B007B85F2 /* SplashScreen */ = {
			isa = PBXGroup;
			children = (
				71BA90BD28FE7787007B85F2 /* LaunchScreenView.swift */,
			);
			path = SplashScreen;
			sourceTree = "<group>";
		};
		71F7D7A829859AA70086AE84 /* Navigation */ = {
			isa = PBXGroup;
			children = (
				71F7D7A929859ABE0086AE84 /* NavigationModifier.swift */,
			);
			path = Navigation;
			sourceTree = "<group>";
		};
/* End PBXGroup section */

/* Begin PBXNativeTarget section */
		71463F3228BE4CA800A54384 /* HomeUITests */ = {
			isa = PBXNativeTarget;
			buildConfigurationList = 71463F3D28BE4CA900A54384 /* Build configuration list for PBXNativeTarget "HomeUITests" */;
			buildPhases = (
				71463F2F28BE4CA800A54384 /* Sources */,
				71463F3028BE4CA800A54384 /* Frameworks */,
				71463F3128BE4CA800A54384 /* Resources */,
			);
			buildRules = (
			);
			dependencies = (
				71463F3A28BE4CA800A54384 /* PBXTargetDependency */,
			);
			name = HomeUITests;
			productName = HomeUITests;
			productReference = 71463F3328BE4CA800A54384 /* HomeUITests.xctest */;
			productType = "com.apple.product-type.bundle.ui-testing";
		};
		714B15A62899D5C6005338EB /* OnboardingUITest */ = {
			isa = PBXNativeTarget;
			buildConfigurationList = 714B15AF2899D5C6005338EB /* Build configuration list for PBXNativeTarget "OnboardingUITest" */;
			buildPhases = (
				714B15A32899D5C6005338EB /* Sources */,
				714B15A42899D5C6005338EB /* Frameworks */,
				714B15A52899D5C6005338EB /* Resources */,
			);
			buildRules = (
			);
			dependencies = (
				714B15AE2899D5C6005338EB /* PBXTargetDependency */,
			);
			name = OnboardingUITest;
			productName = OnboardingUITest;
			productReference = 714B15A72899D5C6005338EB /* OnboardingUITest.xctest */;
			productType = "com.apple.product-type.bundle.ui-testing";
		};
		718C628B283EBCB4002ADCA8 /* TinggIOS */ = {
			isa = PBXNativeTarget;
			buildConfigurationList = 718C629A283EBCB8002ADCA8 /* Build configuration list for PBXNativeTarget "TinggIOS" */;
			buildPhases = (
				718C6288283EBCB4002ADCA8 /* Sources */,
				718C6289283EBCB4002ADCA8 /* Frameworks */,
				718C628A283EBCB4002ADCA8 /* Resources */,
				717136232840F5CD007F8EEB /* ShellScript */,
				717903752892EBB200451190 /* Embed Frameworks */,
			);
			buildRules = (
			);
			dependencies = (
			);
			name = TinggIOS;
			packageProductDependencies = (
				71D019E028A8538400312864 /* Onboarding */,
				710F9D2E2979B2FF0034E193 /* Pin */,
				71F7D7A62981B1A00086AE84 /* CreditCard */,
				7156555729B1024F00307866 /* Airtime */,
				71988FB82A545FAE00C7D72F /* Bills */,
			);
			productName = TingIOS;
			productReference = 718C628C283EBCB4002ADCA8 /* TinggIOS.app */;
			productType = "com.apple.product-type.application";
		};
/* End PBXNativeTarget section */

/* Begin PBXProject section */
		718C6284283EBCB4002ADCA8 /* Project object */ = {
			isa = PBXProject;
			attributes = {
				BuildIndependentTargetsInParallel = 1;
				LastSwiftUpdateCheck = 1340;
				LastUpgradeCheck = 1340;
				TargetAttributes = {
					71463F3228BE4CA800A54384 = {
						CreatedOnToolsVersion = 13.4.1;
						TestTargetID = 718C628B283EBCB4002ADCA8;
					};
					714B15A62899D5C6005338EB = {
						CreatedOnToolsVersion = 13.4.1;
						TestTargetID = 718C628B283EBCB4002ADCA8;
					};
					718C628B283EBCB4002ADCA8 = {
						CreatedOnToolsVersion = 13.4;
					};
				};
			};
			buildConfigurationList = 718C6287283EBCB4002ADCA8 /* Build configuration list for PBXProject "TinggIOS" */;
			compatibilityVersion = "Xcode 13.0";
			developmentRegion = en;
			hasScannedForEncodings = 0;
			knownRegions = (
				en,
				Base,
			);
			mainGroup = 718C6283283EBCB4002ADCA8;
			packageReferences = (
			);
			productRefGroup = 718C628D283EBCB4002ADCA8 /* Products */;
			projectDirPath = "";
			projectRoot = "";
			targets = (
				718C628B283EBCB4002ADCA8 /* TinggIOS */,
				714B15A62899D5C6005338EB /* OnboardingUITest */,
				71463F3228BE4CA800A54384 /* HomeUITests */,
			);
		};
/* End PBXProject section */

/* Begin PBXResourcesBuildPhase section */
		71463F3128BE4CA800A54384 /* Resources */ = {
			isa = PBXResourcesBuildPhase;
			buildActionMask = 2147483647;
			files = (
			);
			runOnlyForDeploymentPostprocessing = 0;
		};
		714B15A52899D5C6005338EB /* Resources */ = {
			isa = PBXResourcesBuildPhase;
			buildActionMask = 2147483647;
			files = (
			);
			runOnlyForDeploymentPostprocessing = 0;
		};
		718C628A283EBCB4002ADCA8 /* Resources */ = {
			isa = PBXResourcesBuildPhase;
			buildActionMask = 2147483647;
			files = (
				7108CB1A29C4695B0053B113 /* smile_config.json in Resources */,
				718C6297283EBCB8002ADCA8 /* Preview Assets.xcassets in Resources */,
				717219D12A7018240061F639 /* tingg.jks in Resources */,
				715C27E4286D0F93003EDB03 /* ColorAsset.xcassets in Resources */,
				71091EC829EECEE200843FFA /* pendingstateicon.gif in Resources */,
				718C6294283EBCB8002ADCA8 /* Assets.xcassets in Resources */,
				716708EC2A1D17BC00ED5E67 /* GoogleService-Info.plist in Resources */,
			);
			runOnlyForDeploymentPostprocessing = 0;
		};
/* End PBXResourcesBuildPhase section */

/* Begin PBXShellScriptBuildPhase section */
		717136232840F5CD007F8EEB /* ShellScript */ = {
			isa = PBXShellScriptBuildPhase;
			buildActionMask = 2147483647;
			files = (
			);
			inputFileListPaths = (
			);
			inputPaths = (
			);
			outputFileListPaths = (
			);
			outputPaths = (
			);
			runOnlyForDeploymentPostprocessing = 0;
			shellPath = /bin/sh;
			shellScript = "# Type a script or drag a script file from your workspace to insert its path.\n#export PATH=\"$PATH:/opt/homebrew/bin\"\n#if which swiftlint > /dev/null; then\n # swiftlint\n#else\n # echo \"warning: SwiftLint not installed, download from https://github.com/realm/SwiftLint\"\n#fi\n";
		};
/* End PBXShellScriptBuildPhase section */

/* Begin PBXSourcesBuildPhase section */
		71463F2F28BE4CA800A54384 /* Sources */ = {
			isa = PBXSourcesBuildPhase;
			buildActionMask = 2147483647;
			files = (
				71463F3628BE4CA800A54384 /* HomeUITests.swift in Sources */,
				71463F3828BE4CA800A54384 /* HomeUITestsLaunchTests.swift in Sources */,
			);
			runOnlyForDeploymentPostprocessing = 0;
		};
		714B15A32899D5C6005338EB /* Sources */ = {
			isa = PBXSourcesBuildPhase;
			buildActionMask = 2147483647;
			files = (
				714B15AA2899D5C6005338EB /* OnboardingUITest.swift in Sources */,
				714B15AC2899D5C6005338EB /* OnboardingUITestLaunchTests.swift in Sources */,
			);
			runOnlyForDeploymentPostprocessing = 0;
		};
		718C6288283EBCB4002ADCA8 /* Sources */ = {
			isa = PBXSourcesBuildPhase;
			buildActionMask = 2147483647;
			files = (
				71988FE62A57036500C7D72F /* SupportView.swift in Sources */,
				71988FDE2A57036500C7D72F /* HomeBottomNavView.swift in Sources */,
				71091ED529EED86E00843FFA /* CardFrontLayoutView.swift in Sources */,
				71988FDA2A57036500C7D72F /* HomeViewModel.swift in Sources */,
				71988FE12A57036500C7D72F /* HomeView.swift in Sources */,
				71988FE22A57036500C7D72F /* AboutView.swift in Sources */,
				71988FDF2A57036500C7D72F /* ActiveCategoryTabView.swift in Sources */,
				71091ED129EED7CE00843FFA /* VirtualCardHomeView.swift in Sources */,
				71988FE82A57036500C7D72F /* ActiveCategoryListView.swift in Sources */,
				71091ED329EED7CE00843FFA /* VirtualCardActionView.swift in Sources */,
				71988FDB2A57036500C7D72F /* HomeUsecase.swift in Sources */,
				71988FE52A57036500C7D72F /* PaymentOptionsView.swift in Sources */,
				71988FE02A57036500C7D72F /* ShimmerUIViews.swift in Sources */,
				71988FB32A53213300C7D72F /* AppDelegate.swift in Sources */,
				71988FD82A57036500C7D72F /* HomeScreen.swift in Sources */,
				71091EDD29F0179800843FFA /* VirtualCardState.swift in Sources */,
				71988FE42A57036500C7D72F /* EditProfileView.swift in Sources */,
				71091ED229EED7CE00843FFA /* TransactionListView.swift in Sources */,
				71BA90BE28FE7787007B85F2 /* LaunchScreenView.swift in Sources */,
				71091EDB29EFEDFD00843FFA /* VirtualCardLinkedStateView.swift in Sources */,
				71988FD92A57036500C7D72F /* HomeDI.swift in Sources */,
				718C6290283EBCB4002ADCA8 /* TinggIOSApp.swift in Sources */,
				71F7D7AA29859ABE0086AE84 /* NavigationModifier.swift in Sources */,
				718114F729D2C0D200BCDE96 /* NewView.swift in Sources */,
				71988FE32A57036500C7D72F /* SettingsView.swift in Sources */,
				71091ED729EED95100843FFA /* VerificationPendingStateView.swift in Sources */,
				71091ECA29EED24300843FFA /* VirtualCardBannerView.swift in Sources */,
				71091ED929EEF3C800843FFA /* VirtualCardViewModel.swift in Sources */,
				71988FE92A57036500C7D72F /* ActivateCardView.swift in Sources */,
				71682416290B035200A80C26 /* Documentation.docc in Sources */,
				71988FEB2A57036500C7D72F /* HomeTopViewDesign.swift in Sources */,
			);
			runOnlyForDeploymentPostprocessing = 0;
		};
/* End PBXSourcesBuildPhase section */

/* Begin PBXTargetDependency section */
		71463F3A28BE4CA800A54384 /* PBXTargetDependency */ = {
			isa = PBXTargetDependency;
			target = 718C628B283EBCB4002ADCA8 /* TinggIOS */;
			targetProxy = 71463F3928BE4CA800A54384 /* PBXContainerItemProxy */;
		};
		714B15AE2899D5C6005338EB /* PBXTargetDependency */ = {
			isa = PBXTargetDependency;
			target = 718C628B283EBCB4002ADCA8 /* TinggIOS */;
			targetProxy = 714B15AD2899D5C6005338EB /* PBXContainerItemProxy */;
		};
/* End PBXTargetDependency section */

/* Begin XCBuildConfiguration section */
		71463F3B28BE4CA900A54384 /* Debug */ = {
			isa = XCBuildConfiguration;
			buildSettings = {
				ALWAYS_EMBED_SWIFT_STANDARD_LIBRARIES = YES;
				CODE_SIGN_STYLE = Automatic;
				CURRENT_PROJECT_VERSION = 1;
				DEVELOPMENT_TEAM = DNS8AZ6368;
				GENERATE_INFOPLIST_FILE = YES;
				MARKETING_VERSION = 1.0;
				PRODUCT_BUNDLE_IDENTIFIER = io.cellullant.TinggIOS.HomeUITests;
				PRODUCT_NAME = "$(TARGET_NAME)";
				SUPPORTED_PLATFORMS = "iphoneos iphonesimulator";
				SUPPORTS_MACCATALYST = NO;
				SUPPORTS_MAC_DESIGNED_FOR_IPHONE_IPAD = YES;
				SWIFT_EMIT_LOC_STRINGS = NO;
				SWIFT_VERSION = 5.0;
				TARGETED_DEVICE_FAMILY = "1,2";
				TEST_TARGET_NAME = TinggIOS;
			};
			name = Debug;
		};
		71463F3C28BE4CA900A54384 /* Release */ = {
			isa = XCBuildConfiguration;
			buildSettings = {
				ALWAYS_EMBED_SWIFT_STANDARD_LIBRARIES = YES;
				CODE_SIGN_STYLE = Automatic;
				CURRENT_PROJECT_VERSION = 1;
				DEVELOPMENT_TEAM = 3XLCT788QW;
				GENERATE_INFOPLIST_FILE = YES;
				MARKETING_VERSION = 1.0;
				PRODUCT_BUNDLE_IDENTIFIER = io.cellullant.TinggIOS.HomeUITests;
				PRODUCT_NAME = "$(TARGET_NAME)";
				SUPPORTED_PLATFORMS = "iphoneos iphonesimulator";
				SUPPORTS_MACCATALYST = NO;
				SUPPORTS_MAC_DESIGNED_FOR_IPHONE_IPAD = YES;
				SWIFT_EMIT_LOC_STRINGS = NO;
				SWIFT_VERSION = 5.0;
				TARGETED_DEVICE_FAMILY = "1,2";
				TEST_TARGET_NAME = TinggIOS;
			};
			name = Release;
		};
		714B15B02899D5C6005338EB /* Debug */ = {
			isa = XCBuildConfiguration;
			buildSettings = {
				ALWAYS_EMBED_SWIFT_STANDARD_LIBRARIES = YES;
				CODE_SIGN_STYLE = Automatic;
				CURRENT_PROJECT_VERSION = 1;
				DEVELOPMENT_TEAM = DNS8AZ6368;
				GENERATE_INFOPLIST_FILE = YES;
				MARKETING_VERSION = 1.0;
				PRODUCT_BUNDLE_IDENTIFIER = io.cellullant.TinggIOS.OnboardingUITest;
				PRODUCT_NAME = "$(TARGET_NAME)";
				SUPPORTED_PLATFORMS = "iphoneos iphonesimulator";
				SUPPORTS_MACCATALYST = NO;
				SUPPORTS_MAC_DESIGNED_FOR_IPHONE_IPAD = YES;
				SWIFT_EMIT_LOC_STRINGS = NO;
				SWIFT_VERSION = 5.0;
				TARGETED_DEVICE_FAMILY = "1,2";
				TEST_TARGET_NAME = TinggIOS;
			};
			name = Debug;
		};
		714B15B12899D5C6005338EB /* Release */ = {
			isa = XCBuildConfiguration;
			buildSettings = {
				ALWAYS_EMBED_SWIFT_STANDARD_LIBRARIES = YES;
				CODE_SIGN_STYLE = Automatic;
				CURRENT_PROJECT_VERSION = 1;
				DEVELOPMENT_TEAM = DNS8AZ6368;
				GENERATE_INFOPLIST_FILE = YES;
				MARKETING_VERSION = 1.0;
				PRODUCT_BUNDLE_IDENTIFIER = io.cellullant.TinggIOS.OnboardingUITest;
				PRODUCT_NAME = "$(TARGET_NAME)";
				SUPPORTED_PLATFORMS = "iphoneos iphonesimulator";
				SUPPORTS_MACCATALYST = NO;
				SUPPORTS_MAC_DESIGNED_FOR_IPHONE_IPAD = YES;
				SWIFT_EMIT_LOC_STRINGS = NO;
				SWIFT_VERSION = 5.0;
				TARGETED_DEVICE_FAMILY = "1,2";
				TEST_TARGET_NAME = TinggIOS;
			};
			name = Release;
		};
		718C6298283EBCB8002ADCA8 /* Debug */ = {
			isa = XCBuildConfiguration;
			buildSettings = {
				ALWAYS_SEARCH_USER_PATHS = NO;
				CLANG_ANALYZER_NONNULL = YES;
				CLANG_ANALYZER_NUMBER_OBJECT_CONVERSION = YES_AGGRESSIVE;
				CLANG_CXX_LANGUAGE_STANDARD = "gnu++17";
				CLANG_ENABLE_MODULES = YES;
				CLANG_ENABLE_OBJC_ARC = YES;
				CLANG_ENABLE_OBJC_WEAK = YES;
				CLANG_WARN_BLOCK_CAPTURE_AUTORELEASING = YES;
				CLANG_WARN_BOOL_CONVERSION = YES;
				CLANG_WARN_COMMA = YES;
				CLANG_WARN_CONSTANT_CONVERSION = YES;
				CLANG_WARN_DEPRECATED_OBJC_IMPLEMENTATIONS = YES;
				CLANG_WARN_DIRECT_OBJC_ISA_USAGE = YES_ERROR;
				CLANG_WARN_DOCUMENTATION_COMMENTS = YES;
				CLANG_WARN_EMPTY_BODY = YES;
				CLANG_WARN_ENUM_CONVERSION = YES;
				CLANG_WARN_INFINITE_RECURSION = YES;
				CLANG_WARN_INT_CONVERSION = YES;
				CLANG_WARN_NON_LITERAL_NULL_CONVERSION = YES;
				CLANG_WARN_OBJC_IMPLICIT_RETAIN_SELF = YES;
				CLANG_WARN_OBJC_LITERAL_CONVERSION = YES;
				CLANG_WARN_OBJC_ROOT_CLASS = YES_ERROR;
				CLANG_WARN_QUOTED_INCLUDE_IN_FRAMEWORK_HEADER = YES;
				CLANG_WARN_RANGE_LOOP_ANALYSIS = YES;
				CLANG_WARN_STRICT_PROTOTYPES = YES;
				CLANG_WARN_SUSPICIOUS_MOVE = YES;
				CLANG_WARN_UNGUARDED_AVAILABILITY = YES_AGGRESSIVE;
				CLANG_WARN_UNREACHABLE_CODE = YES;
				CLANG_WARN__DUPLICATE_METHOD_MATCH = YES;
				COPY_PHASE_STRIP = NO;
				DEBUG_INFORMATION_FORMAT = dwarf;
				ENABLE_STRICT_OBJC_MSGSEND = YES;
				ENABLE_TESTABILITY = YES;
				GCC_C_LANGUAGE_STANDARD = gnu11;
				GCC_DYNAMIC_NO_PIC = NO;
				GCC_NO_COMMON_BLOCKS = YES;
				GCC_OPTIMIZATION_LEVEL = 0;
				GCC_PREPROCESSOR_DEFINITIONS = (
					"DEBUG=1",
					"$(inherited)",
				);
				GCC_WARN_64_TO_32_BIT_CONVERSION = YES;
				GCC_WARN_ABOUT_RETURN_TYPE = YES_ERROR;
				GCC_WARN_UNDECLARED_SELECTOR = YES;
				GCC_WARN_UNINITIALIZED_AUTOS = YES_AGGRESSIVE;
				GCC_WARN_UNUSED_FUNCTION = YES;
				GCC_WARN_UNUSED_VARIABLE = YES;
				IPHONEOS_DEPLOYMENT_TARGET = 16.2;
				MTL_ENABLE_DEBUG_INFO = INCLUDE_SOURCE;
				MTL_FAST_MATH = YES;
				ONLY_ACTIVE_ARCH = YES;
				SDKROOT = iphoneos;
				SWIFT_ACTIVE_COMPILATION_CONDITIONS = DEBUG;
				SWIFT_OPTIMIZATION_LEVEL = "-Onone";
			};
			name = Debug;
		};
		718C6299283EBCB8002ADCA8 /* Release */ = {
			isa = XCBuildConfiguration;
			buildSettings = {
				ALWAYS_SEARCH_USER_PATHS = NO;
				CLANG_ANALYZER_NONNULL = YES;
				CLANG_ANALYZER_NUMBER_OBJECT_CONVERSION = YES_AGGRESSIVE;
				CLANG_CXX_LANGUAGE_STANDARD = "gnu++17";
				CLANG_ENABLE_MODULES = YES;
				CLANG_ENABLE_OBJC_ARC = YES;
				CLANG_ENABLE_OBJC_WEAK = YES;
				CLANG_WARN_BLOCK_CAPTURE_AUTORELEASING = YES;
				CLANG_WARN_BOOL_CONVERSION = YES;
				CLANG_WARN_COMMA = YES;
				CLANG_WARN_CONSTANT_CONVERSION = YES;
				CLANG_WARN_DEPRECATED_OBJC_IMPLEMENTATIONS = YES;
				CLANG_WARN_DIRECT_OBJC_ISA_USAGE = YES_ERROR;
				CLANG_WARN_DOCUMENTATION_COMMENTS = YES;
				CLANG_WARN_EMPTY_BODY = YES;
				CLANG_WARN_ENUM_CONVERSION = YES;
				CLANG_WARN_INFINITE_RECURSION = YES;
				CLANG_WARN_INT_CONVERSION = YES;
				CLANG_WARN_NON_LITERAL_NULL_CONVERSION = YES;
				CLANG_WARN_OBJC_IMPLICIT_RETAIN_SELF = YES;
				CLANG_WARN_OBJC_LITERAL_CONVERSION = YES;
				CLANG_WARN_OBJC_ROOT_CLASS = YES_ERROR;
				CLANG_WARN_QUOTED_INCLUDE_IN_FRAMEWORK_HEADER = YES;
				CLANG_WARN_RANGE_LOOP_ANALYSIS = YES;
				CLANG_WARN_STRICT_PROTOTYPES = YES;
				CLANG_WARN_SUSPICIOUS_MOVE = YES;
				CLANG_WARN_UNGUARDED_AVAILABILITY = YES_AGGRESSIVE;
				CLANG_WARN_UNREACHABLE_CODE = YES;
				CLANG_WARN__DUPLICATE_METHOD_MATCH = YES;
				COPY_PHASE_STRIP = NO;
				DEBUG_INFORMATION_FORMAT = "dwarf-with-dsym";
				ENABLE_NS_ASSERTIONS = NO;
				ENABLE_STRICT_OBJC_MSGSEND = YES;
				GCC_C_LANGUAGE_STANDARD = gnu11;
				GCC_NO_COMMON_BLOCKS = YES;
				GCC_WARN_64_TO_32_BIT_CONVERSION = YES;
				GCC_WARN_ABOUT_RETURN_TYPE = YES_ERROR;
				GCC_WARN_UNDECLARED_SELECTOR = YES;
				GCC_WARN_UNINITIALIZED_AUTOS = YES_AGGRESSIVE;
				GCC_WARN_UNUSED_FUNCTION = YES;
				GCC_WARN_UNUSED_VARIABLE = YES;
				IPHONEOS_DEPLOYMENT_TARGET = 16.2;
				MTL_ENABLE_DEBUG_INFO = NO;
				MTL_FAST_MATH = YES;
				ONLY_ACTIVE_ARCH = YES;
				SDKROOT = iphoneos;
				SWIFT_COMPILATION_MODE = wholemodule;
				SWIFT_OPTIMIZATION_LEVEL = "-O";
				VALIDATE_PRODUCT = YES;
			};
			name = Release;
		};
		718C629B283EBCB8002ADCA8 /* Debug */ = {
			isa = XCBuildConfiguration;
			buildSettings = {
				ALWAYS_EMBED_SWIFT_STANDARD_LIBRARIES = NO;
				ARCHS = "$(ARCHS_STANDARD)";
				ASSETCATALOG_COMPILER_APPICON_NAME = AppIcon;
				ASSETCATALOG_COMPILER_GLOBAL_ACCENT_COLOR_NAME = AccentColor;
				BUILD_LIBRARY_FOR_DISTRIBUTION = NO;
				CODE_SIGN_ENTITLEMENTS = TinggIOS/TinggIOSDebug.entitlements;
				CODE_SIGN_IDENTITY = "Apple Distribution: CELLULANT KENYA LIMITED (3XLCT788QW)";
				"CODE_SIGN_IDENTITY[sdk=iphoneos*]" = "Apple Distribution: CELLULANT KENYA LIMITED (3XLCT788QW)";
				CODE_SIGN_STYLE = Manual;
				CURRENT_PROJECT_VERSION = 41;
				DEVELOPMENT_ASSET_PATHS = "\"TinggIOS/Preview Content\"";
				DEVELOPMENT_TEAM = 3XLCT788QW;
				"DEVELOPMENT_TEAM[sdk=iphoneos*]" = 3XLCT788QW;
				ENABLE_PREVIEWS = YES;
				EXCLUDED_ARCHS = "";
				GENERATE_INFOPLIST_FILE = YES;
				INFOPLIST_FILE = TinggIOS/Info.plist;
				INFOPLIST_KEY_CFBundleDisplayName = Tingg;
				INFOPLIST_KEY_NSCameraUsageDescription = "TinggIOS requires camera permission for profile photo";
				INFOPLIST_KEY_NSContactsUsageDescription = "TinggIOS requires contact access for friends invite";
				INFOPLIST_KEY_NSLocationAlwaysAndWhenInUseUsageDescription = "TinggIOS requires your location for closest pay point";
				INFOPLIST_KEY_NSLocationWhenInUseUsageDescription = "TinggIOS requires your location for closest pay point";
				INFOPLIST_KEY_NSMicrophoneUsageDescription = "TinggIOS requires your microphone access";
				INFOPLIST_KEY_NSPhotoLibraryUsageDescription = "TinggIOS requires camera permission for profile photo";
				INFOPLIST_KEY_UIApplicationSceneManifest_Generation = YES;
				INFOPLIST_KEY_UIApplicationSupportsIndirectInputEvents = YES;
				INFOPLIST_KEY_UISupportedInterfaceOrientations = UIInterfaceOrientationPortrait;
				IPHONEOS_DEPLOYMENT_TARGET = 17.0;
				LD_RUNPATH_SEARCH_PATHS = (
					"$(inherited)",
					"@executable_path/Frameworks",
				);
				MARKETING_VERSION = 0.1.0;
				NEW_SETTING = "";
				ONLY_ACTIVE_ARCH = YES;
				OTHER_LDFLAGS = (
					"-ObjC",
					"-all_load",
				);
				PRODUCT_BUNDLE_IDENTIFIER = io.cellullant.TinggIOS;
				PRODUCT_NAME = "$(TARGET_NAME)";
				PROVISIONING_PROFILE_SPECIFIER = TinggIOSprofile;
				"PROVISIONING_PROFILE_SPECIFIER[sdk=iphoneos*]" = "TinggIOS Provisioning Profile";
				SUPPORTED_PLATFORMS = "iphoneos iphonesimulator";
				SUPPORTS_MACCATALYST = NO;
				SUPPORTS_MAC_DESIGNED_FOR_IPHONE_IPAD = NO;
				SWIFT_EMIT_LOC_STRINGS = YES;
				SWIFT_VERSION = 5.0;
				TARGETED_DEVICE_FAMILY = 1;
				VALIDATE_PRODUCT = NO;
				VALID_ARCHS = "arm64 arm64e armv7 armv7s x86_64";
			};
			name = Debug;
		};
		718C629C283EBCB8002ADCA8 /* Release */ = {
			isa = XCBuildConfiguration;
			buildSettings = {
				ALWAYS_EMBED_SWIFT_STANDARD_LIBRARIES = NO;
				ARCHS = "$(ARCHS_STANDARD)";
				ASSETCATALOG_COMPILER_APPICON_NAME = AppIcon;
				ASSETCATALOG_COMPILER_GLOBAL_ACCENT_COLOR_NAME = AccentColor;
				BUILD_LIBRARY_FOR_DISTRIBUTION = NO;
				CODE_SIGN_ENTITLEMENTS = TinggIOS/TinggIOSRelease.entitlements;
				CODE_SIGN_IDENTITY = "Apple Distribution: CELLULANT KENYA LIMITED (3XLCT788QW)";
				"CODE_SIGN_IDENTITY[sdk=iphoneos*]" = "Apple Distribution: CELLULANT KENYA LIMITED (3XLCT788QW)";
				CODE_SIGN_STYLE = Manual;
				CURRENT_PROJECT_VERSION = 41;
				DEVELOPMENT_ASSET_PATHS = "\"TinggIOS/Preview Content\"";
				DEVELOPMENT_TEAM = 3XLCT788QW;
				"DEVELOPMENT_TEAM[sdk=iphoneos*]" = 3XLCT788QW;
				ENABLE_PREVIEWS = YES;
				EXCLUDED_ARCHS = "";
				GENERATE_INFOPLIST_FILE = YES;
				INFOPLIST_FILE = TinggIOS/Info.plist;
				INFOPLIST_KEY_CFBundleDisplayName = Tingg;
				INFOPLIST_KEY_NSCameraUsageDescription = "TinggIOS requires camera permission for profile photo";
				INFOPLIST_KEY_NSContactsUsageDescription = "TinggIOS requires contact access for friends invite";
				INFOPLIST_KEY_NSLocationAlwaysAndWhenInUseUsageDescription = "TinggIOS requires your location for closest pay point";
				INFOPLIST_KEY_NSLocationWhenInUseUsageDescription = "TinggIOS requires your location for closest pay point";
				INFOPLIST_KEY_NSMicrophoneUsageDescription = "TinggIOS requires your microphone access";
				INFOPLIST_KEY_NSPhotoLibraryUsageDescription = "TinggIOS requires camera permission for profile photo";
				INFOPLIST_KEY_UIApplicationSceneManifest_Generation = YES;
				INFOPLIST_KEY_UIApplicationSupportsIndirectInputEvents = YES;
				INFOPLIST_KEY_UISupportedInterfaceOrientations = UIInterfaceOrientationPortrait;
				IPHONEOS_DEPLOYMENT_TARGET = 17.0;
				LD_RUNPATH_SEARCH_PATHS = (
					"$(inherited)",
					"@executable_path/Frameworks",
				);
				MARKETING_VERSION = 0.1.0;
				NEW_SETTING = "";
				ONLY_ACTIVE_ARCH = YES;
				OTHER_LDFLAGS = (
					"-ObjC",
					"-all_load",
				);
				PRODUCT_BUNDLE_IDENTIFIER = io.cellullant.TinggIOS;
				PRODUCT_NAME = "$(TARGET_NAME)";
				PROVISIONING_PROFILE_SPECIFIER = TinggIOSprofile;
				"PROVISIONING_PROFILE_SPECIFIER[sdk=iphoneos*]" = "TinggIOS Provisioning Profile";
				SUPPORTED_PLATFORMS = "iphoneos iphonesimulator";
				SUPPORTS_MACCATALYST = NO;
				SUPPORTS_MAC_DESIGNED_FOR_IPHONE_IPAD = NO;
				SWIFT_EMIT_LOC_STRINGS = YES;
				SWIFT_VERSION = 5.0;
				TARGETED_DEVICE_FAMILY = 1;
				VALID_ARCHS = "arm64 arm64e armv7 armv7s x86_64";
			};
			name = Release;
		};
/* End XCBuildConfiguration section */

/* Begin XCConfigurationList section */
		71463F3D28BE4CA900A54384 /* Build configuration list for PBXNativeTarget "HomeUITests" */ = {
			isa = XCConfigurationList;
			buildConfigurations = (
				71463F3B28BE4CA900A54384 /* Debug */,
				71463F3C28BE4CA900A54384 /* Release */,
			);
			defaultConfigurationIsVisible = 0;
			defaultConfigurationName = Debug;
		};
		714B15AF2899D5C6005338EB /* Build configuration list for PBXNativeTarget "OnboardingUITest" */ = {
			isa = XCConfigurationList;
			buildConfigurations = (
				714B15B02899D5C6005338EB /* Debug */,
				714B15B12899D5C6005338EB /* Release */,
			);
			defaultConfigurationIsVisible = 0;
			defaultConfigurationName = Debug;
		};
		718C6287283EBCB4002ADCA8 /* Build configuration list for PBXProject "TinggIOS" */ = {
			isa = XCConfigurationList;
			buildConfigurations = (
				718C6298283EBCB8002ADCA8 /* Debug */,
				718C6299283EBCB8002ADCA8 /* Release */,
			);
			defaultConfigurationIsVisible = 0;
			defaultConfigurationName = Debug;
		};
		718C629A283EBCB8002ADCA8 /* Build configuration list for PBXNativeTarget "TinggIOS" */ = {
			isa = XCConfigurationList;
			buildConfigurations = (
				718C629B283EBCB8002ADCA8 /* Debug */,
				718C629C283EBCB8002ADCA8 /* Release */,
			);
			defaultConfigurationIsVisible = 0;
			defaultConfigurationName = Debug;
		};
/* End XCConfigurationList section */

/* Begin XCSwiftPackageProductDependency section */
		710F9D2E2979B2FF0034E193 /* Pin */ = {
			isa = XCSwiftPackageProductDependency;
			productName = Pin;
		};
		7156555729B1024F00307866 /* Airtime */ = {
			isa = XCSwiftPackageProductDependency;
			productName = Airtime;
		};
		71988FB82A545FAE00C7D72F /* Bills */ = {
			isa = XCSwiftPackageProductDependency;
			productName = Bills;
		};
		71D019E028A8538400312864 /* Onboarding */ = {
			isa = XCSwiftPackageProductDependency;
			productName = Onboarding;
		};
		71F7D7A62981B1A00086AE84 /* CreditCard */ = {
			isa = XCSwiftPackageProductDependency;
			productName = CreditCard;
		};
/* End XCSwiftPackageProductDependency section */
	};
	rootObject = 718C6284283EBCB4002ADCA8 /* Project object */;
}
