// !$*UTF8*$!
{
	archiveVersion = 1;
	classes = {
	};
	objectVersion = 55;
	objects = {

/* Begin PBXBuildFile section */
		71463F3628BE4CA800A54384 /* HomeUITests.swift in Sources */ = {isa = PBXBuildFile; fileRef = 71463F3528BE4CA800A54384 /* HomeUITests.swift */; };
		71463F3828BE4CA800A54384 /* HomeUITestsLaunchTests.swift in Sources */ = {isa = PBXBuildFile; fileRef = 71463F3728BE4CA800A54384 /* HomeUITestsLaunchTests.swift */; };
		714B15AA2899D5C6005338EB /* OnboardingUITest.swift in Sources */ = {isa = PBXBuildFile; fileRef = 714B15A92899D5C6005338EB /* OnboardingUITest.swift */; };
		714B15AC2899D5C6005338EB /* OnboardingUITestLaunchTests.swift in Sources */ = {isa = PBXBuildFile; fileRef = 714B15AB2899D5C6005338EB /* OnboardingUITestLaunchTests.swift */; };
		715C27E4286D0F93003EDB03 /* ColorAsset.xcassets in Resources */ = {isa = PBXBuildFile; fileRef = 715C27E3286D0F93003EDB03 /* ColorAsset.xcassets */; };
		71682416290B035200A80C26 /* Documentation.docc in Sources */ = {isa = PBXBuildFile; fileRef = 71682415290B035200A80C26 /* Documentation.docc */; };
		718C6290283EBCB4002ADCA8 /* TinggIOSApp.swift in Sources */ = {isa = PBXBuildFile; fileRef = 718C628F283EBCB4002ADCA8 /* TinggIOSApp.swift */; };
		718C6294283EBCB8002ADCA8 /* Assets.xcassets in Resources */ = {isa = PBXBuildFile; fileRef = 718C6293283EBCB8002ADCA8 /* Assets.xcassets */; };
		718C6297283EBCB8002ADCA8 /* Preview Assets.xcassets in Resources */ = {isa = PBXBuildFile; fileRef = 718C6296283EBCB8002ADCA8 /* Preview Assets.xcassets */; };
		71BA90BE28FE7787007B85F2 /* LaunchScreenView.swift in Sources */ = {isa = PBXBuildFile; fileRef = 71BA90BD28FE7787007B85F2 /* LaunchScreenView.swift */; };
		71D019DF28A8537D00312864 /* Home in Frameworks */ = {isa = PBXBuildFile; productRef = 71D019DE28A8537D00312864 /* Home */; };
		71D019E128A8538400312864 /* Onboarding in Frameworks */ = {isa = PBXBuildFile; productRef = 71D019E028A8538400312864 /* Onboarding */; };
/* End PBXBuildFile section */

/* Begin PBXContainerItemProxy section */
		71463F3928BE4CA800A54384 /* PBXContainerItemProxy */ = {
			isa = PBXContainerItemProxy;
			containerPortal = 718C6284283EBCB4002ADCA8 /* Project object */;
			proxyType = 1;
			remoteGlobalIDString = 718C628B283EBCB4002ADCA8;
			remoteInfo = TinggIOS;
		};
		714B15AD2899D5C6005338EB /* PBXContainerItemProxy */ = {
			isa = PBXContainerItemProxy;
			containerPortal = 718C6284283EBCB4002ADCA8 /* Project object */;
			proxyType = 1;
			remoteGlobalIDString = 718C628B283EBCB4002ADCA8;
			remoteInfo = TinggIOS;
		};
/* End PBXContainerItemProxy section */

/* Begin PBXCopyFilesBuildPhase section */
		717903752892EBB200451190 /* Embed Frameworks */ = {
			isa = PBXCopyFilesBuildPhase;
			buildActionMask = 2147483647;
			dstPath = "";
			dstSubfolderSpec = 10;
			files = (
			);
			name = "Embed Frameworks";
			runOnlyForDeploymentPostprocessing = 0;
		};
/* End PBXCopyFilesBuildPhase section */

/* Begin PBXFileReference section */
		7108CD76285253E00034EA29 /* Permissions.framework */ = {isa = PBXFileReference; explicitFileType = wrapper.framework; path = Permissions.framework; sourceTree = BUILT_PRODUCTS_DIR; };
		71463F3328BE4CA800A54384 /* HomeUITests.xctest */ = {isa = PBXFileReference; explicitFileType = wrapper.cfbundle; includeInIndex = 0; path = HomeUITests.xctest; sourceTree = BUILT_PRODUCTS_DIR; };
		71463F3528BE4CA800A54384 /* HomeUITests.swift */ = {isa = PBXFileReference; lastKnownFileType = sourcecode.swift; path = HomeUITests.swift; sourceTree = "<group>"; };
		71463F3728BE4CA800A54384 /* HomeUITestsLaunchTests.swift */ = {isa = PBXFileReference; lastKnownFileType = sourcecode.swift; path = HomeUITestsLaunchTests.swift; sourceTree = "<group>"; };
		714B15A72899D5C6005338EB /* OnboardingUITest.xctest */ = {isa = PBXFileReference; explicitFileType = wrapper.cfbundle; includeInIndex = 0; path = OnboardingUITest.xctest; sourceTree = BUILT_PRODUCTS_DIR; };
		714B15A92899D5C6005338EB /* OnboardingUITest.swift */ = {isa = PBXFileReference; lastKnownFileType = sourcecode.swift; path = OnboardingUITest.swift; sourceTree = "<group>"; };
		714B15AB2899D5C6005338EB /* OnboardingUITestLaunchTests.swift */ = {isa = PBXFileReference; lastKnownFileType = sourcecode.swift; path = OnboardingUITestLaunchTests.swift; sourceTree = "<group>"; };
		715C27E3286D0F93003EDB03 /* ColorAsset.xcassets */ = {isa = PBXFileReference; lastKnownFileType = folder.assetcatalog; path = ColorAsset.xcassets; sourceTree = "<group>"; };
		71682415290B035200A80C26 /* Documentation.docc */ = {isa = PBXFileReference; lastKnownFileType = folder.documentationcatalog; path = Documentation.docc; sourceTree = "<group>"; };
		71707E5028FFBDD700CD9BB6 /* Permissions */ = {isa = PBXFileReference; lastKnownFileType = wrapper; path = Permissions; sourceTree = "<group>"; };
		71867FB628946D8E008A5411 /* Theme */ = {isa = PBXFileReference; lastKnownFileType = wrapper; path = Theme; sourceTree = "<group>"; };
		71867FB728946DCB008A5411 /* Onboarding */ = {isa = PBXFileReference; lastKnownFileType = wrapper; path = Onboarding; sourceTree = "<group>"; };
		71867FBA28946EF0008A5411 /* Home */ = {isa = PBXFileReference; lastKnownFileType = wrapper; path = Home; sourceTree = "<group>"; };
		718C628C283EBCB4002ADCA8 /* TinggIOS.app */ = {isa = PBXFileReference; explicitFileType = wrapper.application; includeInIndex = 0; path = TinggIOS.app; sourceTree = BUILT_PRODUCTS_DIR; };
		718C628F283EBCB4002ADCA8 /* TinggIOSApp.swift */ = {isa = PBXFileReference; lastKnownFileType = sourcecode.swift; path = TinggIOSApp.swift; sourceTree = "<group>"; };
		718C6293283EBCB8002ADCA8 /* Assets.xcassets */ = {isa = PBXFileReference; lastKnownFileType = folder.assetcatalog; path = Assets.xcassets; sourceTree = "<group>"; };
		718C6296283EBCB8002ADCA8 /* Preview Assets.xcassets */ = {isa = PBXFileReference; lastKnownFileType = folder.assetcatalog; path = "Preview Assets.xcassets"; sourceTree = "<group>"; };
		71929B6128A6F97600D84B98 /* Common */ = {isa = PBXFileReference; lastKnownFileType = wrapper; path = Common; sourceTree = "<group>"; };
		71AED53C285D007300A4B14F /* Info.plist */ = {isa = PBXFileReference; lastKnownFileType = text.plist.xml; path = Info.plist; sourceTree = "<group>"; };
		71AED545286128F400A4B14F /* Core.framework */ = {isa = PBXFileReference; explicitFileType = wrapper.framework; path = Core.framework; sourceTree = BUILT_PRODUCTS_DIR; };
		71AED56F2864D90B00A4B14F /* Theme.framework */ = {isa = PBXFileReference; explicitFileType = wrapper.framework; path = Theme.framework; sourceTree = BUILT_PRODUCTS_DIR; };
		71BA90BD28FE7787007B85F2 /* LaunchScreenView.swift */ = {isa = PBXFileReference; lastKnownFileType = sourcecode.swift; path = LaunchScreenView.swift; sourceTree = "<group>"; };
		71E2BE26289BE97A0025ED12 /* Core */ = {isa = PBXFileReference; lastKnownFileType = wrapper; path = Core; sourceTree = "<group>"; };
/* End PBXFileReference section */

/* Begin PBXFrameworksBuildPhase section */
		71463F3028BE4CA800A54384 /* Frameworks */ = {
			isa = PBXFrameworksBuildPhase;
			buildActionMask = 2147483647;
			files = (
			);
			runOnlyForDeploymentPostprocessing = 0;
		};
		714B15A42899D5C6005338EB /* Frameworks */ = {
			isa = PBXFrameworksBuildPhase;
			buildActionMask = 2147483647;
			files = (
			);
			runOnlyForDeploymentPostprocessing = 0;
		};
		718C6289283EBCB4002ADCA8 /* Frameworks */ = {
			isa = PBXFrameworksBuildPhase;
			buildActionMask = 2147483647;
			files = (
				71D019DF28A8537D00312864 /* Home in Frameworks */,
				71D019E128A8538400312864 /* Onboarding in Frameworks */,
			);
			runOnlyForDeploymentPostprocessing = 0;
		};
/* End PBXFrameworksBuildPhase section */

/* Begin PBXGroup section */
		7108CD75285253DF0034EA29 /* Frameworks */ = {
			isa = PBXGroup;
			children = (
				71AED56F2864D90B00A4B14F /* Theme.framework */,
				71AED545286128F400A4B14F /* Core.framework */,
				7108CD76285253E00034EA29 /* Permissions.framework */,
			);
			name = Frameworks;
			sourceTree = "<group>";
		};
		71463F3428BE4CA800A54384 /* HomeUITests */ = {
			isa = PBXGroup;
			children = (
				71463F3528BE4CA800A54384 /* HomeUITests.swift */,
				71463F3728BE4CA800A54384 /* HomeUITestsLaunchTests.swift */,
			);
			path = HomeUITests;
			sourceTree = "<group>";
		};
		714B15A82899D5C6005338EB /* OnboardingUITest */ = {
			isa = PBXGroup;
			children = (
				714B15A92899D5C6005338EB /* OnboardingUITest.swift */,
				714B15AB2899D5C6005338EB /* OnboardingUITestLaunchTests.swift */,
			);
			path = OnboardingUITest;
			sourceTree = "<group>";
		};
		718C6283283EBCB4002ADCA8 = {
			isa = PBXGroup;
			children = (
				71AED58B28665C9400A4B14F /* Packages */,
				718C628E283EBCB4002ADCA8 /* TinggIOS */,
				714B15A82899D5C6005338EB /* OnboardingUITest */,
				71463F3428BE4CA800A54384 /* HomeUITests */,
				718C628D283EBCB4002ADCA8 /* Products */,
				7108CD75285253DF0034EA29 /* Frameworks */,
			);
			sourceTree = "<group>";
		};
		718C628D283EBCB4002ADCA8 /* Products */ = {
			isa = PBXGroup;
			children = (
				718C628C283EBCB4002ADCA8 /* TinggIOS.app */,
				714B15A72899D5C6005338EB /* OnboardingUITest.xctest */,
				71463F3328BE4CA800A54384 /* HomeUITests.xctest */,
			);
			name = Products;
			sourceTree = "<group>";
		};
		718C628E283EBCB4002ADCA8 /* TinggIOS */ = {
			isa = PBXGroup;
			children = (
				71BA90B428FE738B007B85F2 /* SplashScreen */,
				718C628F283EBCB4002ADCA8 /* TinggIOSApp.swift */,
				718C6293283EBCB8002ADCA8 /* Assets.xcassets */,
				715C27E3286D0F93003EDB03 /* ColorAsset.xcassets */,
				718C6295283EBCB8002ADCA8 /* Preview Content */,
				71AED53C285D007300A4B14F /* Info.plist */,
				71682415290B035200A80C26 /* Documentation.docc */,
			);
			path = TinggIOS;
			sourceTree = "<group>";
		};
		718C6295283EBCB8002ADCA8 /* Preview Content */ = {
			isa = PBXGroup;
			children = (
				718C6296283EBCB8002ADCA8 /* Preview Assets.xcassets */,
			);
			path = "Preview Content";
			sourceTree = "<group>";
		};
		71AED58B28665C9400A4B14F /* Packages */ = {
			isa = PBXGroup;
			children = (
				71867FB628946D8E008A5411 /* Theme */,
				71867FB728946DCB008A5411 /* Onboarding */,
				71867FBA28946EF0008A5411 /* Home */,
				71E2BE26289BE97A0025ED12 /* Core */,
				71929B6128A6F97600D84B98 /* Common */,
				71707E5028FFBDD700CD9BB6 /* Permissions */,
			);
			name = Packages;
			sourceTree = "<group>";
		};
		71BA90B428FE738B007B85F2 /* SplashScreen */ = {
			isa = PBXGroup;
			children = (
				71BA90BD28FE7787007B85F2 /* LaunchScreenView.swift */,
			);
			path = SplashScreen;
			sourceTree = "<group>";
		};
/* End PBXGroup section */

/* Begin PBXNativeTarget section */
		71463F3228BE4CA800A54384 /* HomeUITests */ = {
			isa = PBXNativeTarget;
			buildConfigurationList = 71463F3D28BE4CA900A54384 /* Build configuration list for PBXNativeTarget "HomeUITests" */;
			buildPhases = (
				71463F2F28BE4CA800A54384 /* Sources */,
				71463F3028BE4CA800A54384 /* Frameworks */,
				71463F3128BE4CA800A54384 /* Resources */,
			);
			buildRules = (
			);
			dependencies = (
				71463F3A28BE4CA800A54384 /* PBXTargetDependency */,
			);
			name = HomeUITests;
			productName = HomeUITests;
			productReference = 71463F3328BE4CA800A54384 /* HomeUITests.xctest */;
			productType = "com.apple.product-type.bundle.ui-testing";
		};
		714B15A62899D5C6005338EB /* OnboardingUITest */ = {
			isa = PBXNativeTarget;
			buildConfigurationList = 714B15AF2899D5C6005338EB /* Build configuration list for PBXNativeTarget "OnboardingUITest" */;
			buildPhases = (
				714B15A32899D5C6005338EB /* Sources */,
				714B15A42899D5C6005338EB /* Frameworks */,
				714B15A52899D5C6005338EB /* Resources */,
			);
			buildRules = (
			);
			dependencies = (
				714B15AE2899D5C6005338EB /* PBXTargetDependency */,
			);
			name = OnboardingUITest;
			productName = OnboardingUITest;
			productReference = 714B15A72899D5C6005338EB /* OnboardingUITest.xctest */;
			productType = "com.apple.product-type.bundle.ui-testing";
		};
		718C628B283EBCB4002ADCA8 /* TinggIOS */ = {
			isa = PBXNativeTarget;
			buildConfigurationList = 718C629A283EBCB8002ADCA8 /* Build configuration list for PBXNativeTarget "TinggIOS" */;
			buildPhases = (
				718C6288283EBCB4002ADCA8 /* Sources */,
				718C6289283EBCB4002ADCA8 /* Frameworks */,
				718C628A283EBCB4002ADCA8 /* Resources */,
				717136232840F5CD007F8EEB /* ShellScript */,
				717903752892EBB200451190 /* Embed Frameworks */,
			);
			buildRules = (
			);
			dependencies = (
			);
			name = TinggIOS;
			packageProductDependencies = (
				71D019DE28A8537D00312864 /* Home */,
				71D019E028A8538400312864 /* Onboarding */,
			);
			productName = TingIOS;
			productReference = 718C628C283EBCB4002ADCA8 /* TinggIOS.app */;
			productType = "com.apple.product-type.application";
		};
/* End PBXNativeTarget section */

/* Begin PBXProject section */
		718C6284283EBCB4002ADCA8 /* Project object */ = {
			isa = PBXProject;
			attributes = {
				BuildIndependentTargetsInParallel = 1;
				LastSwiftUpdateCheck = 1340;
				LastUpgradeCheck = 1340;
				TargetAttributes = {
					71463F3228BE4CA800A54384 = {
						CreatedOnToolsVersion = 13.4.1;
						TestTargetID = 718C628B283EBCB4002ADCA8;
					};
					714B15A62899D5C6005338EB = {
						CreatedOnToolsVersion = 13.4.1;
						TestTargetID = 718C628B283EBCB4002ADCA8;
					};
					718C628B283EBCB4002ADCA8 = {
						CreatedOnToolsVersion = 13.4;
					};
				};
			};
			buildConfigurationList = 718C6287283EBCB4002ADCA8 /* Build configuration list for PBXProject "TinggIOS" */;
			compatibilityVersion = "Xcode 13.0";
			developmentRegion = en;
			hasScannedForEncodings = 0;
			knownRegions = (
				en,
				Base,
			);
			mainGroup = 718C6283283EBCB4002ADCA8;
			packageReferences = (
			);
			productRefGroup = 718C628D283EBCB4002ADCA8 /* Products */;
			projectDirPath = "";
			projectRoot = "";
			targets = (
				718C628B283EBCB4002ADCA8 /* TinggIOS */,
				714B15A62899D5C6005338EB /* OnboardingUITest */,
				71463F3228BE4CA800A54384 /* HomeUITests */,
			);
		};
/* End PBXProject section */

/* Begin PBXResourcesBuildPhase section */
		71463F3128BE4CA800A54384 /* Resources */ = {
			isa = PBXResourcesBuildPhase;
			buildActionMask = 2147483647;
			files = (
			);
			runOnlyForDeploymentPostprocessing = 0;
		};
		714B15A52899D5C6005338EB /* Resources */ = {
			isa = PBXResourcesBuildPhase;
			buildActionMask = 2147483647;
			files = (
			);
			runOnlyForDeploymentPostprocessing = 0;
		};
		718C628A283EBCB4002ADCA8 /* Resources */ = {
			isa = PBXResourcesBuildPhase;
			buildActionMask = 2147483647;
			files = (
				718C6297283EBCB8002ADCA8 /* Preview Assets.xcassets in Resources */,
				715C27E4286D0F93003EDB03 /* ColorAsset.xcassets in Resources */,
				718C6294283EBCB8002ADCA8 /* Assets.xcassets in Resources */,
			);
			runOnlyForDeploymentPostprocessing = 0;
		};
/* End PBXResourcesBuildPhase section */

/* Begin PBXShellScriptBuildPhase section */
		717136232840F5CD007F8EEB /* ShellScript */ = {
			isa = PBXShellScriptBuildPhase;
			buildActionMask = 2147483647;
			files = (
			);
			inputFileListPaths = (
			);
			inputPaths = (
			);
			outputFileListPaths = (
			);
			outputPaths = (
			);
			runOnlyForDeploymentPostprocessing = 0;
			shellPath = /bin/sh;
			shellScript = "# Type a script or drag a script file from your workspace to insert its path.\n#export PATH=\"$PATH:/opt/homebrew/bin\"\n#if which swiftlint > /dev/null; then\n # swiftlint\n#else\n # echo \"warning: SwiftLint not installed, download from https://github.com/realm/SwiftLint\"\n#fi\n";
		};
/* End PBXShellScriptBuildPhase section */

/* Begin PBXSourcesBuildPhase section */
		71463F2F28BE4CA800A54384 /* Sources */ = {
			isa = PBXSourcesBuildPhase;
			buildActionMask = 2147483647;
			files = (
				71463F3628BE4CA800A54384 /* HomeUITests.swift in Sources */,
				71463F3828BE4CA800A54384 /* HomeUITestsLaunchTests.swift in Sources */,
			);
			runOnlyForDeploymentPostprocessing = 0;
		};
		714B15A32899D5C6005338EB /* Sources */ = {
			isa = PBXSourcesBuildPhase;
			buildActionMask = 2147483647;
			files = (
				714B15AA2899D5C6005338EB /* OnboardingUITest.swift in Sources */,
				714B15AC2899D5C6005338EB /* OnboardingUITestLaunchTests.swift in Sources */,
			);
			runOnlyForDeploymentPostprocessing = 0;
		};
		718C6288283EBCB4002ADCA8 /* Sources */ = {
			isa = PBXSourcesBuildPhase;
			buildActionMask = 2147483647;
			files = (
				71BA90BE28FE7787007B85F2 /* LaunchScreenView.swift in Sources */,
				718C6290283EBCB4002ADCA8 /* TinggIOSApp.swift in Sources */,
				71682416290B035200A80C26 /* Documentation.docc in Sources */,
			);
			runOnlyForDeploymentPostprocessing = 0;
		};
/* End PBXSourcesBuildPhase section */

/* Begin PBXTargetDependency section */
		71463F3A28BE4CA800A54384 /* PBXTargetDependency */ = {
			isa = PBXTargetDependency;
			target = 718C628B283EBCB4002ADCA8 /* TinggIOS */;
			targetProxy = 71463F3928BE4CA800A54384 /* PBXContainerItemProxy */;
		};
		714B15AE2899D5C6005338EB /* PBXTargetDependency */ = {
			isa = PBXTargetDependency;
			target = 718C628B283EBCB4002ADCA8 /* TinggIOS */;
			targetProxy = 714B15AD2899D5C6005338EB /* PBXContainerItemProxy */;
		};
/* End PBXTargetDependency section */

/* Begin XCBuildConfiguration section */
		71463F3B28BE4CA900A54384 /* Debug */ = {
			isa = XCBuildConfiguration;
			buildSettings = {
				CODE_SIGN_STYLE = Automatic;
				CURRENT_PROJECT_VERSION = 1;
				DEVELOPMENT_TEAM = DNS8AZ6368;
				GENERATE_INFOPLIST_FILE = YES;
				MARKETING_VERSION = 1.0;
				PRODUCT_BUNDLE_IDENTIFIER = io.cellullant.TinggIOS.HomeUITests;
				PRODUCT_NAME = "$(TARGET_NAME)";
				SWIFT_EMIT_LOC_STRINGS = NO;
				SWIFT_VERSION = 5.0;
				TARGETED_DEVICE_FAMILY = "1,2";
				TEST_TARGET_NAME = TinggIOS;
			};
			name = Debug;
		};
		71463F3C28BE4CA900A54384 /* Release */ = {
			isa = XCBuildConfiguration;
			buildSettings = {
				CODE_SIGN_STYLE = Automatic;
				CURRENT_PROJECT_VERSION = 1;
				DEVELOPMENT_TEAM = 3XLCT788QW;
				GENERATE_INFOPLIST_FILE = YES;
				MARKETING_VERSION = 1.0;
				PRODUCT_BUNDLE_IDENTIFIER = io.cellullant.TinggIOS.HomeUITests;
				PRODUCT_NAME = "$(TARGET_NAME)";
				SWIFT_EMIT_LOC_STRINGS = NO;
				SWIFT_VERSION = 5.0;
				TARGETED_DEVICE_FAMILY = "1,2";
				TEST_TARGET_NAME = TinggIOS;
			};
			name = Release;
		};
		714B15B02899D5C6005338EB /* Debug */ = {
			isa = XCBuildConfiguration;
			buildSettings = {
				CODE_SIGN_STYLE = Automatic;
				CURRENT_PROJECT_VERSION = 1;
				DEVELOPMENT_TEAM = DNS8AZ6368;
				GENERATE_INFOPLIST_FILE = YES;
				MARKETING_VERSION = 1.0;
				PRODUCT_BUNDLE_IDENTIFIER = io.cellullant.TinggIOS.OnboardingUITest;
				PRODUCT_NAME = "$(TARGET_NAME)";
				SWIFT_EMIT_LOC_STRINGS = NO;
				SWIFT_VERSION = 5.0;
				TARGETED_DEVICE_FAMILY = "1,2";
				TEST_TARGET_NAME = TinggIOS;
			};
			name = Debug;
		};
		714B15B12899D5C6005338EB /* Release */ = {
			isa = XCBuildConfiguration;
			buildSettings = {
				CODE_SIGN_STYLE = Automatic;
				CURRENT_PROJECT_VERSION = 1;
				DEVELOPMENT_TEAM = DNS8AZ6368;
				GENERATE_INFOPLIST_FILE = YES;
				MARKETING_VERSION = 1.0;
				PRODUCT_BUNDLE_IDENTIFIER = io.cellullant.TinggIOS.OnboardingUITest;
				PRODUCT_NAME = "$(TARGET_NAME)";
				SWIFT_EMIT_LOC_STRINGS = NO;
				SWIFT_VERSION = 5.0;
				TARGETED_DEVICE_FAMILY = "1,2";
				TEST_TARGET_NAME = TinggIOS;
			};
			name = Release;
		};
		718C6298283EBCB8002ADCA8 /* Debug */ = {
			isa = XCBuildConfiguration;
			buildSettings = {
				ALWAYS_SEARCH_USER_PATHS = NO;
				CLANG_ANALYZER_NONNULL = YES;
				CLANG_ANALYZER_NUMBER_OBJECT_CONVERSION = YES_AGGRESSIVE;
				CLANG_CXX_LANGUAGE_STANDARD = "gnu++17";
				CLANG_ENABLE_MODULES = YES;
				CLANG_ENABLE_OBJC_ARC = YES;
				CLANG_ENABLE_OBJC_WEAK = YES;
				CLANG_WARN_BLOCK_CAPTURE_AUTORELEASING = YES;
				CLANG_WARN_BOOL_CONVERSION = YES;
				CLANG_WARN_COMMA = YES;
				CLANG_WARN_CONSTANT_CONVERSION = YES;
				CLANG_WARN_DEPRECATED_OBJC_IMPLEMENTATIONS = YES;
				CLANG_WARN_DIRECT_OBJC_ISA_USAGE = YES_ERROR;
				CLANG_WARN_DOCUMENTATION_COMMENTS = YES;
				CLANG_WARN_EMPTY_BODY = YES;
				CLANG_WARN_ENUM_CONVERSION = YES;
				CLANG_WARN_INFINITE_RECURSION = YES;
				CLANG_WARN_INT_CONVERSION = YES;
				CLANG_WARN_NON_LITERAL_NULL_CONVERSION = YES;
				CLANG_WARN_OBJC_IMPLICIT_RETAIN_SELF = YES;
				CLANG_WARN_OBJC_LITERAL_CONVERSION = YES;
				CLANG_WARN_OBJC_ROOT_CLASS = YES_ERROR;
				CLANG_WARN_QUOTED_INCLUDE_IN_FRAMEWORK_HEADER = YES;
				CLANG_WARN_RANGE_LOOP_ANALYSIS = YES;
				CLANG_WARN_STRICT_PROTOTYPES = YES;
				CLANG_WARN_SUSPICIOUS_MOVE = YES;
				CLANG_WARN_UNGUARDED_AVAILABILITY = YES_AGGRESSIVE;
				CLANG_WARN_UNREACHABLE_CODE = YES;
				CLANG_WARN__DUPLICATE_METHOD_MATCH = YES;
				COPY_PHASE_STRIP = NO;
				DEBUG_INFORMATION_FORMAT = dwarf;
				ENABLE_STRICT_OBJC_MSGSEND = YES;
				ENABLE_TESTABILITY = YES;
				GCC_C_LANGUAGE_STANDARD = gnu11;
				GCC_DYNAMIC_NO_PIC = NO;
				GCC_NO_COMMON_BLOCKS = YES;
				GCC_OPTIMIZATION_LEVEL = 0;
				GCC_PREPROCESSOR_DEFINITIONS = (
					"DEBUG=1",
					"$(inherited)",
				);
				GCC_WARN_64_TO_32_BIT_CONVERSION = YES;
				GCC_WARN_ABOUT_RETURN_TYPE = YES_ERROR;
				GCC_WARN_UNDECLARED_SELECTOR = YES;
				GCC_WARN_UNINITIALIZED_AUTOS = YES_AGGRESSIVE;
				GCC_WARN_UNUSED_FUNCTION = YES;
				GCC_WARN_UNUSED_VARIABLE = YES;
				IPHONEOS_DEPLOYMENT_TARGET = 16.0;
				MTL_ENABLE_DEBUG_INFO = INCLUDE_SOURCE;
				MTL_FAST_MATH = YES;
				ONLY_ACTIVE_ARCH = YES;
				SDKROOT = iphoneos;
				SWIFT_ACTIVE_COMPILATION_CONDITIONS = DEBUG;
				SWIFT_OPTIMIZATION_LEVEL = "-Onone";
			};
			name = Debug;
		};
		718C6299283EBCB8002ADCA8 /* Release */ = {
			isa = XCBuildConfiguration;
			buildSettings = {
				ALWAYS_SEARCH_USER_PATHS = NO;
				CLANG_ANALYZER_NONNULL = YES;
				CLANG_ANALYZER_NUMBER_OBJECT_CONVERSION = YES_AGGRESSIVE;
				CLANG_CXX_LANGUAGE_STANDARD = "gnu++17";
				CLANG_ENABLE_MODULES = YES;
				CLANG_ENABLE_OBJC_ARC = YES;
				CLANG_ENABLE_OBJC_WEAK = YES;
				CLANG_WARN_BLOCK_CAPTURE_AUTORELEASING = YES;
				CLANG_WARN_BOOL_CONVERSION = YES;
				CLANG_WARN_COMMA = YES;
				CLANG_WARN_CONSTANT_CONVERSION = YES;
				CLANG_WARN_DEPRECATED_OBJC_IMPLEMENTATIONS = YES;
				CLANG_WARN_DIRECT_OBJC_ISA_USAGE = YES_ERROR;
				CLANG_WARN_DOCUMENTATION_COMMENTS = YES;
				CLANG_WARN_EMPTY_BODY = YES;
				CLANG_WARN_ENUM_CONVERSION = YES;
				CLANG_WARN_INFINITE_RECURSION = YES;
				CLANG_WARN_INT_CONVERSION = YES;
				CLANG_WARN_NON_LITERAL_NULL_CONVERSION = YES;
				CLANG_WARN_OBJC_IMPLICIT_RETAIN_SELF = YES;
				CLANG_WARN_OBJC_LITERAL_CONVERSION = YES;
				CLANG_WARN_OBJC_ROOT_CLASS = YES_ERROR;
				CLANG_WARN_QUOTED_INCLUDE_IN_FRAMEWORK_HEADER = YES;
				CLANG_WARN_RANGE_LOOP_ANALYSIS = YES;
				CLANG_WARN_STRICT_PROTOTYPES = YES;
				CLANG_WARN_SUSPICIOUS_MOVE = YES;
				CLANG_WARN_UNGUARDED_AVAILABILITY = YES_AGGRESSIVE;
				CLANG_WARN_UNREACHABLE_CODE = YES;
				CLANG_WARN__DUPLICATE_METHOD_MATCH = YES;
				COPY_PHASE_STRIP = NO;
				DEBUG_INFORMATION_FORMAT = "dwarf-with-dsym";
				ENABLE_NS_ASSERTIONS = NO;
				ENABLE_STRICT_OBJC_MSGSEND = YES;
				GCC_C_LANGUAGE_STANDARD = gnu11;
				GCC_NO_COMMON_BLOCKS = YES;
				GCC_WARN_64_TO_32_BIT_CONVERSION = YES;
				GCC_WARN_ABOUT_RETURN_TYPE = YES_ERROR;
				GCC_WARN_UNDECLARED_SELECTOR = YES;
				GCC_WARN_UNINITIALIZED_AUTOS = YES_AGGRESSIVE;
				GCC_WARN_UNUSED_FUNCTION = YES;
				GCC_WARN_UNUSED_VARIABLE = YES;
				IPHONEOS_DEPLOYMENT_TARGET = 16.0;
				MTL_ENABLE_DEBUG_INFO = NO;
				MTL_FAST_MATH = YES;
				SDKROOT = iphoneos;
				SWIFT_COMPILATION_MODE = wholemodule;
				SWIFT_OPTIMIZATION_LEVEL = "-O";
				VALIDATE_PRODUCT = YES;
			};
			name = Release;
		};
		718C629B283EBCB8002ADCA8 /* Debug */ = {
			isa = XCBuildConfiguration;
			buildSettings = {
				ASSETCATALOG_COMPILER_APPICON_NAME = AppIcon;
				ASSETCATALOG_COMPILER_GLOBAL_ACCENT_COLOR_NAME = AccentColor;
				BUILD_LIBRARY_FOR_DISTRIBUTION = NO;
				CODE_SIGN_STYLE = Automatic;
				CURRENT_PROJECT_VERSION = 8;
				DEVELOPMENT_ASSET_PATHS = "\"TinggIOS/Preview Content\"";
				DEVELOPMENT_TEAM = 3XLCT788QW;
				ENABLE_PREVIEWS = YES;
				GENERATE_INFOPLIST_FILE = YES;
				INFOPLIST_FILE = TinggIOS/Info.plist;
				INFOPLIST_KEY_CFBundleDisplayName = Tingg;
				INFOPLIST_KEY_NSCameraUsageDescription = "TinggIOS requires camera permission for profile photo";
				INFOPLIST_KEY_NSContactsUsageDescription = "TinggIOS requires contact access for friends invite";
				INFOPLIST_KEY_NSLocationAlwaysAndWhenInUseUsageDescription = "TinggIOS requires your location for closest pay point";
				INFOPLIST_KEY_NSLocationWhenInUseUsageDescription = "TinggIOS requires your location for closest pay point";
				INFOPLIST_KEY_NSMicrophoneUsageDescription = "TinggIOS requires your microphone access";
				INFOPLIST_KEY_NSPhotoLibraryUsageDescription = "TinggIOS requires camera permission for profile photo";
				INFOPLIST_KEY_UIApplicationSceneManifest_Generation = YES;
				INFOPLIST_KEY_UIApplicationSupportsIndirectInputEvents = YES;
				INFOPLIST_KEY_UISupportedInterfaceOrientations = UIInterfaceOrientationPortrait;
				INFOPLIST_KEY_UISupportedInterfaceOrientations_iPad = "UIInterfaceOrientationPortrait UIInterfaceOrientationPortraitUpsideDown UIInterfaceOrientationLandscapeLeft UIInterfaceOrientationLandscapeRight";
				INFOPLIST_KEY_UISupportedInterfaceOrientations_iPhone = UIInterfaceOrientationPortrait;
				IPHONEOS_DEPLOYMENT_TARGET = 16.0;
				LD_RUNPATH_SEARCH_PATHS = (
					"$(inherited)",
					"@executable_path/Frameworks",
				);
				MARKETING_VERSION = 0.1.0;
				NEW_SETTING = "";
				ONLY_ACTIVE_ARCH = YES;
				OTHER_LDFLAGS = "$(inherited)";
				PRODUCT_BUNDLE_IDENTIFIER = io.cellullant.TinggIOS;
				PRODUCT_NAME = "$(TARGET_NAME)";
				SWIFT_EMIT_LOC_STRINGS = YES;
				SWIFT_VERSION = 5.0;
				TARGETED_DEVICE_FAMILY = "1,2";
				VALID_ARCHS = "$(ARCHS_STANDARD)";
			};
			name = Debug;
		};
		718C629C283EBCB8002ADCA8 /* Release */ = {
			isa = XCBuildConfiguration;
			buildSettings = {
				ASSETCATALOG_COMPILER_APPICON_NAME = AppIcon;
				ASSETCATALOG_COMPILER_GLOBAL_ACCENT_COLOR_NAME = AccentColor;
				BUILD_LIBRARY_FOR_DISTRIBUTION = NO;
				CODE_SIGN_STYLE = Automatic;
				CURRENT_PROJECT_VERSION = 8;
				DEVELOPMENT_ASSET_PATHS = "\"TinggIOS/Preview Content\"";
				DEVELOPMENT_TEAM = 3XLCT788QW;
				ENABLE_PREVIEWS = YES;
				GENERATE_INFOPLIST_FILE = YES;
				INFOPLIST_FILE = TinggIOS/Info.plist;
				INFOPLIST_KEY_CFBundleDisplayName = Tingg;
				INFOPLIST_KEY_NSCameraUsageDescription = "TinggIOS requires camera permission for profile photo";
				INFOPLIST_KEY_NSContactsUsageDescription = "TinggIOS requires contact access for friends invite";
				INFOPLIST_KEY_NSLocationAlwaysAndWhenInUseUsageDescription = "TinggIOS requires your location for closest pay point";
				INFOPLIST_KEY_NSLocationWhenInUseUsageDescription = "TinggIOS requires your location for closest pay point";
				INFOPLIST_KEY_NSMicrophoneUsageDescription = "TinggIOS requires your microphone access";
				INFOPLIST_KEY_NSPhotoLibraryUsageDescription = "TinggIOS requires camera permission for profile photo";
				INFOPLIST_KEY_UIApplicationSceneManifest_Generation = YES;
				INFOPLIST_KEY_UIApplicationSupportsIndirectInputEvents = YES;
				INFOPLIST_KEY_UISupportedInterfaceOrientations = UIInterfaceOrientationPortrait;
				INFOPLIST_KEY_UISupportedInterfaceOrientations_iPad = "UIInterfaceOrientationPortrait UIInterfaceOrientationPortraitUpsideDown UIInterfaceOrientationLandscapeLeft UIInterfaceOrientationLandscapeRight";
				INFOPLIST_KEY_UISupportedInterfaceOrientations_iPhone = UIInterfaceOrientationPortrait;
				IPHONEOS_DEPLOYMENT_TARGET = 16.0;
				LD_RUNPATH_SEARCH_PATHS = (
					"$(inherited)",
					"@executable_path/Frameworks",
				);
				MARKETING_VERSION = 0.1.0;
				NEW_SETTING = "";
				ONLY_ACTIVE_ARCH = YES;
				PRODUCT_BUNDLE_IDENTIFIER = io.cellullant.TinggIOS;
				PRODUCT_NAME = "$(TARGET_NAME)";
				SWIFT_EMIT_LOC_STRINGS = YES;
				SWIFT_VERSION = 5.0;
				TARGETED_DEVICE_FAMILY = "1,2";
				VALID_ARCHS = "$(ARCHS_STANDARD)";
			};
			name = Release;
		};
/* End XCBuildConfiguration section */

/* Begin XCConfigurationList section */
		71463F3D28BE4CA900A54384 /* Build configuration list for PBXNativeTarget "HomeUITests" */ = {
			isa = XCConfigurationList;
			buildConfigurations = (
				71463F3B28BE4CA900A54384 /* Debug */,
				71463F3C28BE4CA900A54384 /* Release */,
			);
			defaultConfigurationIsVisible = 0;
			defaultConfigurationName = Debug;
		};
		714B15AF2899D5C6005338EB /* Build configuration list for PBXNativeTarget "OnboardingUITest" */ = {
			isa = XCConfigurationList;
			buildConfigurations = (
				714B15B02899D5C6005338EB /* Debug */,
				714B15B12899D5C6005338EB /* Release */,
			);
			defaultConfigurationIsVisible = 0;
			defaultConfigurationName = Debug;
		};
		718C6287283EBCB4002ADCA8 /* Build configuration list for PBXProject "TinggIOS" */ = {
			isa = XCConfigurationList;
			buildConfigurations = (
				718C6298283EBCB8002ADCA8 /* Debug */,
				718C6299283EBCB8002ADCA8 /* Release */,
			);
			defaultConfigurationIsVisible = 0;
			defaultConfigurationName = Debug;
		};
		718C629A283EBCB8002ADCA8 /* Build configuration list for PBXNativeTarget "TinggIOS" */ = {
			isa = XCConfigurationList;
			buildConfigurations = (
				718C629B283EBCB8002ADCA8 /* Debug */,
				718C629C283EBCB8002ADCA8 /* Release */,
			);
			defaultConfigurationIsVisible = 0;
			defaultConfigurationName = Debug;
		};
/* End XCConfigurationList section */

/* Begin XCSwiftPackageProductDependency section */
		71D019DE28A8537D00312864 /* Home */ = {
			isa = XCSwiftPackageProductDependency;
			productName = Home;
		};
		71D019E028A8538400312864 /* Onboarding */ = {
			isa = XCSwiftPackageProductDependency;
			productName = Onboarding;
		};
/* End XCSwiftPackageProductDependency section */
	};
	rootObject = 718C6284283EBCB4002ADCA8 /* Project object */;
}
